// !$*UTF8*$!
{
	archiveVersion = 1;
	classes = {
	};
	objectVersion = 46;
	objects = {

/* Begin PBXBuildFile section */
		033AA7C26BB3EB5744CDDBE5 /* Foundation.framework in Frameworks */ = {isa = PBXBuildFile; fileRef = E935CF54711E2305698A25F3 /* Foundation.framework */; };
		040718D39A4B1F6EFCA7AD7C /* FirebaseEnvironmentGuard.swift in Sources */ = {isa = PBXBuildFile; fileRef = 6DC4E131326AA6772C04F9CF /* FirebaseEnvironmentGuard.swift */; };
		069FFA8F6759652D1EBC6C65 /* AppShellView.swift in Sources */ = {isa = PBXBuildFile; fileRef = 7C8690945FC1F28AD98946F3 /* AppShellView.swift */; };
		0862FE347F001FE97793A466 /* FirebaseEnvironmentGuardTests.swift in Sources */ = {isa = PBXBuildFile; fileRef = CC2E8129AE902384A85F7F0C /* FirebaseEnvironmentGuardTests.swift */; };
		0CFED30ABC66511BEE8E2E4F /* Foundation.framework in Frameworks */ = {isa = PBXBuildFile; fileRef = E935CF54711E2305698A25F3 /* Foundation.framework */; };
		1547FA179CD9EE1A162EA375 /* GuestHomeView.swift in Sources */ = {isa = PBXBuildFile; fileRef = 637CA23B102819844658C3AA /* GuestHomeView.swift */; };
		1721A6A7078D7ADD9956DA8F /* Model.framework in Frameworks */ = {isa = PBXBuildFile; fileRef = 4D7BCC18471B2ECF72975284 /* Model.framework */; };
		1DA2500B1944D8114B09259C /* Foundation.framework in Frameworks */ = {isa = PBXBuildFile; fileRef = E935CF54711E2305698A25F3 /* Foundation.framework */; };
		1F00CDBF96942CDD880BAF3C /* Model.framework in Frameworks */ = {isa = PBXBuildFile; fileRef = 4D7BCC18471B2ECF72975284 /* Model.framework */; };
		27E1D007EABCDAB10EF1AFF2 /* ScheduleCsvExporter.swift in Sources */ = {isa = PBXBuildFile; fileRef = F0FC86E0407A1CBE8AAA8823 /* ScheduleCsvExporter.swift */; };
		2C205412249017F3E3B170E6 /* Model.framework in Frameworks */ = {isa = PBXBuildFile; fileRef = 4D7BCC18471B2ECF72975284 /* Model.framework */; };
		2DE6FBB293F707C808318F90 /* Model.framework in Frameworks */ = {isa = PBXBuildFile; fileRef = 4D7BCC18471B2ECF72975284 /* Model.framework */; };
		33D308F4AD9BFE416EA7CC30 /* SampleData.swift in Sources */ = {isa = PBXBuildFile; fileRef = 59EFFAF0B04A527B8AF47887 /* SampleData.swift */; };
		354FBB3B37E60B5267C9CD6B /* Navigation.framework in Frameworks */ = {isa = PBXBuildFile; fileRef = AAE38C61A466C57E4ED6314B /* Navigation.framework */; };
		38BA1804EE7F17A98273AA71 /* Foundation.framework in Frameworks */ = {isa = PBXBuildFile; fileRef = E935CF54711E2305698A25F3 /* Foundation.framework */; };
		3A3BF56100131A51C1E357AF /* ScheduleViews.swift in Sources */ = {isa = PBXBuildFile; fileRef = DCBAC1FBBC8EC6F67DE7F3ED /* ScheduleViews.swift */; };
		412E5D0E9E7AA71D0C74B1F8 /* ScheduleRepository.swift in Sources */ = {isa = PBXBuildFile; fileRef = D6B0F7298467A272E99E06B6 /* ScheduleRepository.swift */; };
		50229028C1ABE9ACE5FB30F6 /* Model.framework in Frameworks */ = {isa = PBXBuildFile; fileRef = 4D7BCC18471B2ECF72975284 /* Model.framework */; };
		52ECED864171108CC85C1ACB /* Foundation.framework in Frameworks */ = {isa = PBXBuildFile; fileRef = E935CF54711E2305698A25F3 /* Foundation.framework */; };
		5EF9A63F777414BAEB29B6B0 /* DesignSystem.framework in Frameworks */ = {isa = PBXBuildFile; fileRef = 7837E3B5985A2015A56239D7 /* DesignSystem.framework */; };
		649819A2D132F78FBDE20A1D /* CommonViews.swift in Sources */ = {isa = PBXBuildFile; fileRef = EC7A17EAC8B706D747026C9D /* CommonViews.swift */; };
		65F1C0769B01D477AAF3124C /* NotificationService.swift in Sources */ = {isa = PBXBuildFile; fileRef = 0F9888366C469AD216C4D99C /* NotificationService.swift */; };
		66DC8291A94608D08B00D694 /* DataLayer.framework in Frameworks */ = {isa = PBXBuildFile; fileRef = 15C9E7A41C464DDD73A1E2B0 /* DataLayer.framework */; };
		6EFCBEA491179AB0AB409586 /* OrgPortalNextApp.swift in Sources */ = {isa = PBXBuildFile; fileRef = CD4EFD94F027A08DFB244C94 /* OrgPortalNextApp.swift */; };
		72754C4E3BEB985412F9FC85 /* Foundation.framework in Frameworks */ = {isa = PBXBuildFile; fileRef = E935CF54711E2305698A25F3 /* Foundation.framework */; };
		77A365372E02DB8EA892F97E /* Model.framework in Frameworks */ = {isa = PBXBuildFile; fileRef = 4D7BCC18471B2ECF72975284 /* Model.framework */; };
		799C12D5E3C822BE1DCE0721 /* DeviceCalendarClient.swift in Sources */ = {isa = PBXBuildFile; fileRef = 45F20B46B9D5C097EDD477B5 /* DeviceCalendarClient.swift */; };
		7CCC6F619767769672D4DA89 /* Model.framework in Frameworks */ = {isa = PBXBuildFile; fileRef = 4D7BCC18471B2ECF72975284 /* Model.framework */; };
		7E64B86EDE377A3585B453EF /* ScheduleTests.swift in Sources */ = {isa = PBXBuildFile; fileRef = 50790C089184D15651BC2770 /* ScheduleTests.swift */; };
		88CD8FB0F87CD0BA279C389C /* DesignTokens.swift in Sources */ = {isa = PBXBuildFile; fileRef = 38952F4A2200AB99D3C3F73C /* DesignTokens.swift */; };
		8DA4D4F46812996524C73885 /* Foundation.framework in Frameworks */ = {isa = PBXBuildFile; fileRef = E935CF54711E2305698A25F3 /* Foundation.framework */; };
		9512614443E4A38CA06CF1CC /* UserStage.swift in Sources */ = {isa = PBXBuildFile; fileRef = 8B3776D17B284491262E49AD /* UserStage.swift */; };
		95A6503CF60827EB58C283D5 /* DesignSystem.framework in Frameworks */ = {isa = PBXBuildFile; fileRef = 7837E3B5985A2015A56239D7 /* DesignSystem.framework */; };
		A10000000000000000000001 /* Model.framework in Embed Frameworks */ = {isa = PBXBuildFile; fileRef = 4D7BCC18471B2ECF72975284 /* Model.framework */; settings = {ATTRIBUTES = (CodeSignOnCopy, RemoveHeadersOnCopy, ); }; };
		A10000000000000000000002 /* DesignSystem.framework in Embed Frameworks */ = {isa = PBXBuildFile; fileRef = 7837E3B5985A2015A56239D7 /* DesignSystem.framework */; settings = {ATTRIBUTES = (CodeSignOnCopy, RemoveHeadersOnCopy, ); }; };
		A10000000000000000000003 /* Navigation.framework in Embed Frameworks */ = {isa = PBXBuildFile; fileRef = AAE38C61A466C57E4ED6314B /* Navigation.framework */; settings = {ATTRIBUTES = (CodeSignOnCopy, RemoveHeadersOnCopy, ); }; };
		A10000000000000000000004 /* Session.framework in Embed Frameworks */ = {isa = PBXBuildFile; fileRef = 1952048B0FBACBEBB1637A57 /* Session.framework */; settings = {ATTRIBUTES = (CodeSignOnCopy, RemoveHeadersOnCopy, ); }; };
		A10000000000000000000005 /* DataLayer.framework in Embed Frameworks */ = {isa = PBXBuildFile; fileRef = 15C9E7A41C464DDD73A1E2B0 /* DataLayer.framework */; settings = {ATTRIBUTES = (CodeSignOnCopy, RemoveHeadersOnCopy, ); }; };
		A10000000000000000000006 /* Notifications.framework in Embed Frameworks */ = {isa = PBXBuildFile; fileRef = 05FE8438D47AA08B1F3ED74A /* Notifications.framework */; settings = {ATTRIBUTES = (CodeSignOnCopy, RemoveHeadersOnCopy, ); }; };
		A10000000000000000000007 /* FeatureTools.framework in Embed Frameworks */ = {isa = PBXBuildFile; fileRef = 2FFD8AAEFDCFB5C40D2F4B4D /* FeatureTools.framework */; settings = {ATTRIBUTES = (CodeSignOnCopy, RemoveHeadersOnCopy, ); }; };
		A46947C64E8586A6F8FE5C8B /* AppSession.swift in Sources */ = {isa = PBXBuildFile; fileRef = 52B483E3D33ADAA9422B3FB2 /* AppSession.swift */; };
		A54AAE9BC88C74047A72F039 /* Localizable.xcstrings in Resources */ = {isa = PBXBuildFile; fileRef = 19082684F85272AA99010E17 /* Localizable.xcstrings */; };
		AA1A119F7CBE0A15C216900D /* Model.framework in Frameworks */ = {isa = PBXBuildFile; fileRef = 4D7BCC18471B2ECF72975284 /* Model.framework */; };
		AC23B2C4AAD322A52F42CA86 /* Schedule.swift in Sources */ = {isa = PBXBuildFile; fileRef = 3FB9FED4F2C7DB1FEB9427FB /* Schedule.swift */; };
		ACEF031C3FBA80373D4B78F6 /* Foundation.framework in Frameworks */ = {isa = PBXBuildFile; fileRef = E935CF54711E2305698A25F3 /* Foundation.framework */; };
		ADCACA62F3DFE7A684A7127D /* Foundation.framework in Frameworks */ = {isa = PBXBuildFile; fileRef = E935CF54711E2305698A25F3 /* Foundation.framework */; };
		AF3F981E6A43E83AFA00FF08 /* Notifications.framework in Frameworks */ = {isa = PBXBuildFile; fileRef = 05FE8438D47AA08B1F3ED74A /* Notifications.framework */; };
		B6BA65CA2B1255D7BF761F61 /* Notifications.framework in Frameworks */ = {isa = PBXBuildFile; fileRef = 05FE8438D47AA08B1F3ED74A /* Notifications.framework */; };
		B8DFBE333A5091E29154C803 /* DataLayer.framework in Frameworks */ = {isa = PBXBuildFile; fileRef = 15C9E7A41C464DDD73A1E2B0 /* DataLayer.framework */; };
		C2039D6A3064317159FEF366 /* GuestHomeToolTests.swift in Sources */ = {isa = PBXBuildFile; fileRef = 0D69B776E27B2DA7C264D74A /* GuestHomeToolTests.swift */; };
		C351169FD276E4AFB3C0D38C /* Foundation.framework in Frameworks */ = {isa = PBXBuildFile; fileRef = E935CF54711E2305698A25F3 /* Foundation.framework */; };
		CAB97179DB2FF34EE6FEA8F4 /* DesignSystem.framework in Frameworks */ = {isa = PBXBuildFile; fileRef = 7837E3B5985A2015A56239D7 /* DesignSystem.framework */; };
		CFD5333841C5D6552404E8F1 /* Foundation.framework in Frameworks */ = {isa = PBXBuildFile; fileRef = E935CF54711E2305698A25F3 /* Foundation.framework */; };
		CFEBBE8AFB4F886542008F6A /* FeatureTools.framework in Frameworks */ = {isa = PBXBuildFile; fileRef = 2FFD8AAEFDCFB5C40D2F4B4D /* FeatureTools.framework */; };
		D6D649ABAAA54ECBCE88C1B6 /* FeatureTools.framework in Frameworks */ = {isa = PBXBuildFile; fileRef = 2FFD8AAEFDCFB5C40D2F4B4D /* FeatureTools.framework */; };
		D8D5597D89FA4DE5CA0054CC /* Foundation.framework in Frameworks */ = {isa = PBXBuildFile; fileRef = E935CF54711E2305698A25F3 /* Foundation.framework */; };
		DB2ACDE0C2F36247EFACF0F3 /* SwiftDataScheduleRepository.swift in Sources */ = {isa = PBXBuildFile; fileRef = D4A1AA94A07AA7ADDAFA6868 /* SwiftDataScheduleRepository.swift */; };
		DB6E42E3880B8DAF41AAD2C8 /* ScheduleFeatureModel.swift in Sources */ = {isa = PBXBuildFile; fileRef = E36F3F62AAD7C5B3D5E67051 /* ScheduleFeatureModel.swift */; };
		DC61767887D7ABB8FAD56417 /* ScheduleCsvExporterTests.swift in Sources */ = {isa = PBXBuildFile; fileRef = E5FC6F65D956BE1A6FF77692 /* ScheduleCsvExporterTests.swift */; };
		DD236E8C02815D0C329BD4EF /* SwiftDataScheduleRepositoryTests.swift in Sources */ = {isa = PBXBuildFile; fileRef = 9A24F529470C4DC506B3A795 /* SwiftDataScheduleRepositoryTests.swift */; };
		E33E19E0700DC46861FDCEA9 /* Session.framework in Frameworks */ = {isa = PBXBuildFile; fileRef = 1952048B0FBACBEBB1637A57 /* Session.framework */; };
		EB352E7334A734E0ADDE533C /* DataLayer.framework in Frameworks */ = {isa = PBXBuildFile; fileRef = 15C9E7A41C464DDD73A1E2B0 /* DataLayer.framework */; };
		F0167FBBE763937967A25CE3 /* ActivityShareSheet.swift in Sources */ = {isa = PBXBuildFile; fileRef = 5AD6E389FFEE2302ED686DE2 /* ActivityShareSheet.swift */; };
		FB404D457B6DD6E8BA079101 /* Model.framework in Frameworks */ = {isa = PBXBuildFile; fileRef = 4D7BCC18471B2ECF72975284 /* Model.framework */; };
/* End PBXBuildFile section */

/* Begin PBXContainerItemProxy section */
		01B711AFE2AE75DC1A63BCEC /* PBXContainerItemProxy */ = {
			isa = PBXContainerItemProxy;
			containerPortal = 820EF16BCC039644F3B823BE /* Project object */;
			proxyType = 1;
			remoteGlobalIDString = 91C00EEF8B97251E7D337BB8;
			remoteInfo = DataLayer;
		};
		039AA1D0FA32617AADFAB3B9 /* PBXContainerItemProxy */ = {
			isa = PBXContainerItemProxy;
			containerPortal = 820EF16BCC039644F3B823BE /* Project object */;
			proxyType = 1;
			remoteGlobalIDString = 91C00EEF8B97251E7D337BB8;
			remoteInfo = DataLayer;
		};
		0601D88DA00DCB6A6278B8A2 /* PBXContainerItemProxy */ = {
			isa = PBXContainerItemProxy;
			containerPortal = 820EF16BCC039644F3B823BE /* Project object */;
			proxyType = 1;
			remoteGlobalIDString = C57668B9B23369813467F244;
			remoteInfo = FeatureTools;
		};
		13C0B7B8B4627F7205295FA9 /* PBXContainerItemProxy */ = {
			isa = PBXContainerItemProxy;
			containerPortal = 820EF16BCC039644F3B823BE /* Project object */;
			proxyType = 1;
			remoteGlobalIDString = B865299FEB4E15C9462B3E91;
			remoteInfo = Model;
		};
		152E45AC928BB4236655F49C /* PBXContainerItemProxy */ = {
			isa = PBXContainerItemProxy;
			containerPortal = 820EF16BCC039644F3B823BE /* Project object */;
			proxyType = 1;
			remoteGlobalIDString = 1F8318A9A0031FA55CCDDD23;
			remoteInfo = DesignSystem;
		};
		1A891CF24851C3A2F1C9D249 /* PBXContainerItemProxy */ = {
			isa = PBXContainerItemProxy;
			containerPortal = 820EF16BCC039644F3B823BE /* Project object */;
			proxyType = 1;
			remoteGlobalIDString = B865299FEB4E15C9462B3E91;
			remoteInfo = Model;
		};
		240AEBE29E5B42BBD6D246DE /* PBXContainerItemProxy */ = {
			isa = PBXContainerItemProxy;
			containerPortal = 820EF16BCC039644F3B823BE /* Project object */;
			proxyType = 1;
			remoteGlobalIDString = 91C00EEF8B97251E7D337BB8;
			remoteInfo = DataLayer;
		};
		2C172C79E69CD974711798E6 /* PBXContainerItemProxy */ = {
			isa = PBXContainerItemProxy;
			containerPortal = 820EF16BCC039644F3B823BE /* Project object */;
			proxyType = 1;
			remoteGlobalIDString = B865299FEB4E15C9462B3E91;
			remoteInfo = Model;
		};
		5430D792F366DE6F3639BD09 /* PBXContainerItemProxy */ = {
			isa = PBXContainerItemProxy;
			containerPortal = 820EF16BCC039644F3B823BE /* Project object */;
			proxyType = 1;
			remoteGlobalIDString = 09B85ABB5C6BE1F67F74AB94;
			remoteInfo = Navigation;
		};
		62A59B9B58EE1F22665ED458 /* PBXContainerItemProxy */ = {
			isa = PBXContainerItemProxy;
			containerPortal = 820EF16BCC039644F3B823BE /* Project object */;
			proxyType = 1;
			remoteGlobalIDString = B865299FEB4E15C9462B3E91;
			remoteInfo = Model;
		};
		8F6851669EA2248D0D49914A /* PBXContainerItemProxy */ = {
			isa = PBXContainerItemProxy;
			containerPortal = 820EF16BCC039644F3B823BE /* Project object */;
			proxyType = 1;
			remoteGlobalIDString = 5DF891E2220CCD4F323CA9B1;
			remoteInfo = Session;
		};
		9894E9A24063BD6641BBDE63 /* PBXContainerItemProxy */ = {
			isa = PBXContainerItemProxy;
			containerPortal = 820EF16BCC039644F3B823BE /* Project object */;
			proxyType = 1;
			remoteGlobalIDString = B865299FEB4E15C9462B3E91;
			remoteInfo = Model;
		};
		9AE5425E81D2D5C886996998 /* PBXContainerItemProxy */ = {
			isa = PBXContainerItemProxy;
			containerPortal = 820EF16BCC039644F3B823BE /* Project object */;
			proxyType = 1;
			remoteGlobalIDString = FE51CF38CDD0951441E2FF55;
			remoteInfo = Notifications;
		};
		A0C3568B911A9906D069AA6E /* PBXContainerItemProxy */ = {
			isa = PBXContainerItemProxy;
			containerPortal = 820EF16BCC039644F3B823BE /* Project object */;
			proxyType = 1;
			remoteGlobalIDString = FE51CF38CDD0951441E2FF55;
			remoteInfo = Notifications;
		};
		B889007478C76A3169558BF7 /* PBXContainerItemProxy */ = {
			isa = PBXContainerItemProxy;
			containerPortal = 820EF16BCC039644F3B823BE /* Project object */;
			proxyType = 1;
			remoteGlobalIDString = C57668B9B23369813467F244;
			remoteInfo = FeatureTools;
		};
		D46B949096CE12C27D5389AC /* PBXContainerItemProxy */ = {
			isa = PBXContainerItemProxy;
			containerPortal = 820EF16BCC039644F3B823BE /* Project object */;
			proxyType = 1;
			remoteGlobalIDString = B865299FEB4E15C9462B3E91;
			remoteInfo = Model;
		};
		DCCF607582D50F44D44646FF /* PBXContainerItemProxy */ = {
			isa = PBXContainerItemProxy;
			containerPortal = 820EF16BCC039644F3B823BE /* Project object */;
			proxyType = 1;
			remoteGlobalIDString = 1F8318A9A0031FA55CCDDD23;
			remoteInfo = DesignSystem;
		};
		DE7EB73BC0B659E0F3A094A2 /* PBXContainerItemProxy */ = {
			isa = PBXContainerItemProxy;
			containerPortal = 820EF16BCC039644F3B823BE /* Project object */;
			proxyType = 1;
			remoteGlobalIDString = 1F8318A9A0031FA55CCDDD23;
			remoteInfo = DesignSystem;
		};
		DF7EDB71B86C8545A9E9EFF2 /* PBXContainerItemProxy */ = {
			isa = PBXContainerItemProxy;
			containerPortal = 820EF16BCC039644F3B823BE /* Project object */;
			proxyType = 1;
			remoteGlobalIDString = B865299FEB4E15C9462B3E91;
			remoteInfo = Model;
		};
		EF6F942DE08B614273D43DF7 /* PBXContainerItemProxy */ = {
			isa = PBXContainerItemProxy;
			containerPortal = 820EF16BCC039644F3B823BE /* Project object */;
			proxyType = 1;
			remoteGlobalIDString = B865299FEB4E15C9462B3E91;
			remoteInfo = Model;
		};
		F17FCD3627D246185D8A831B /* PBXContainerItemProxy */ = {
			isa = PBXContainerItemProxy;
			containerPortal = 820EF16BCC039644F3B823BE /* Project object */;
			proxyType = 1;
			remoteGlobalIDString = B865299FEB4E15C9462B3E91;
			remoteInfo = Model;
		};
/* End PBXContainerItemProxy section */

/* Begin PBXCopyFilesBuildPhase section */
		A10000000000000000000008 /* Embed Frameworks */ = {
			isa = PBXCopyFilesBuildPhase;
			buildActionMask = 2147483647;
			dstPath = "";
			dstSubfolderSpec = 10;
			files = (
				A10000000000000000000001 /* Model.framework in Embed Frameworks */,
				A10000000000000000000002 /* DesignSystem.framework in Embed Frameworks */,
				A10000000000000000000003 /* Navigation.framework in Embed Frameworks */,
				A10000000000000000000004 /* Session.framework in Embed Frameworks */,
				A10000000000000000000005 /* DataLayer.framework in Embed Frameworks */,
				A10000000000000000000006 /* Notifications.framework in Embed Frameworks */,
				A10000000000000000000007 /* FeatureTools.framework in Embed Frameworks */,
			);
			name = "Embed Frameworks";
			runOnlyForDeploymentPostprocessing = 0;
		};
/* End PBXCopyFilesBuildPhase section */

/* Begin PBXFileReference section */
		05FE8438D47AA08B1F3ED74A /* Notifications.framework */ = {isa = PBXFileReference; explicitFileType = wrapper.framework; includeInIndex = 0; path = Notifications.framework; sourceTree = BUILT_PRODUCTS_DIR; };
		0D69B776E27B2DA7C264D74A /* GuestHomeToolTests.swift */ = {isa = PBXFileReference; includeInIndex = 1; lastKnownFileType = sourcecode.swift; path = GuestHomeToolTests.swift; sourceTree = "<group>"; };
		0F9888366C469AD216C4D99C /* NotificationService.swift */ = {isa = PBXFileReference; includeInIndex = 1; lastKnownFileType = sourcecode.swift; path = NotificationService.swift; sourceTree = "<group>"; };
		15C9E7A41C464DDD73A1E2B0 /* DataLayer.framework */ = {isa = PBXFileReference; explicitFileType = wrapper.framework; includeInIndex = 0; path = DataLayer.framework; sourceTree = BUILT_PRODUCTS_DIR; };
		19082684F85272AA99010E17 /* Localizable.xcstrings */ = {isa = PBXFileReference; includeInIndex = 1; path = Localizable.xcstrings; sourceTree = "<group>"; };
		1952048B0FBACBEBB1637A57 /* Session.framework */ = {isa = PBXFileReference; explicitFileType = wrapper.framework; includeInIndex = 0; path = Session.framework; sourceTree = BUILT_PRODUCTS_DIR; };
		2FFD8AAEFDCFB5C40D2F4B4D /* FeatureTools.framework */ = {isa = PBXFileReference; explicitFileType = wrapper.framework; includeInIndex = 0; path = FeatureTools.framework; sourceTree = BUILT_PRODUCTS_DIR; };
		38952F4A2200AB99D3C3F73C /* DesignTokens.swift */ = {isa = PBXFileReference; includeInIndex = 1; lastKnownFileType = sourcecode.swift; path = DesignTokens.swift; sourceTree = "<group>"; };
		3FB9FED4F2C7DB1FEB9427FB /* Schedule.swift */ = {isa = PBXFileReference; includeInIndex = 1; lastKnownFileType = sourcecode.swift; path = Schedule.swift; sourceTree = "<group>"; };
		45F20B46B9D5C097EDD477B5 /* DeviceCalendarClient.swift */ = {isa = PBXFileReference; includeInIndex = 1; lastKnownFileType = sourcecode.swift; path = DeviceCalendarClient.swift; sourceTree = "<group>"; };
		4D7BCC18471B2ECF72975284 /* Model.framework */ = {isa = PBXFileReference; explicitFileType = wrapper.framework; includeInIndex = 0; path = Model.framework; sourceTree = BUILT_PRODUCTS_DIR; };
		50790C089184D15651BC2770 /* ScheduleTests.swift */ = {isa = PBXFileReference; includeInIndex = 1; lastKnownFileType = sourcecode.swift; path = ScheduleTests.swift; sourceTree = "<group>"; };
		52B483E3D33ADAA9422B3FB2 /* AppSession.swift */ = {isa = PBXFileReference; includeInIndex = 1; lastKnownFileType = sourcecode.swift; path = AppSession.swift; sourceTree = "<group>"; };
		59EFFAF0B04A527B8AF47887 /* SampleData.swift */ = {isa = PBXFileReference; includeInIndex = 1; lastKnownFileType = sourcecode.swift; path = SampleData.swift; sourceTree = "<group>"; };
		5AD6E389FFEE2302ED686DE2 /* ActivityShareSheet.swift */ = {isa = PBXFileReference; includeInIndex = 1; lastKnownFileType = sourcecode.swift; path = ActivityShareSheet.swift; sourceTree = "<group>"; };
		637CA23B102819844658C3AA /* GuestHomeView.swift */ = {isa = PBXFileReference; includeInIndex = 1; lastKnownFileType = sourcecode.swift; path = GuestHomeView.swift; sourceTree = "<group>"; };
		6DC4E131326AA6772C04F9CF /* FirebaseEnvironmentGuard.swift */ = {isa = PBXFileReference; includeInIndex = 1; lastKnownFileType = sourcecode.swift; path = FirebaseEnvironmentGuard.swift; sourceTree = "<group>"; };
		7837E3B5985A2015A56239D7 /* DesignSystem.framework */ = {isa = PBXFileReference; explicitFileType = wrapper.framework; includeInIndex = 0; path = DesignSystem.framework; sourceTree = BUILT_PRODUCTS_DIR; };
		7C8690945FC1F28AD98946F3 /* AppShellView.swift */ = {isa = PBXFileReference; includeInIndex = 1; lastKnownFileType = sourcecode.swift; path = AppShellView.swift; sourceTree = "<group>"; };
		8B3776D17B284491262E49AD /* UserStage.swift */ = {isa = PBXFileReference; includeInIndex = 1; lastKnownFileType = sourcecode.swift; path = UserStage.swift; sourceTree = "<group>"; };
		9A24F529470C4DC506B3A795 /* SwiftDataScheduleRepositoryTests.swift */ = {isa = PBXFileReference; includeInIndex = 1; lastKnownFileType = sourcecode.swift; path = SwiftDataScheduleRepositoryTests.swift; sourceTree = "<group>"; };
		9E265C894BEFC3FB8E8D3759 /* OrgPortalNext.app */ = {isa = PBXFileReference; explicitFileType = wrapper.application; includeInIndex = 0; path = OrgPortalNext.app; sourceTree = BUILT_PRODUCTS_DIR; };
		9F0096D27C72E752E0D8FAB1 /* Testing.framework */ = {isa = PBXFileReference; explicitFileType = wrapper.framework; includeInIndex = 0; path = Testing.framework; sourceTree = BUILT_PRODUCTS_DIR; };
		AAE38C61A466C57E4ED6314B /* Navigation.framework */ = {isa = PBXFileReference; explicitFileType = wrapper.framework; includeInIndex = 0; path = Navigation.framework; sourceTree = BUILT_PRODUCTS_DIR; };
		AD4EBABF34BD8B4ECF1D9227 /* FeatureToolsTests.xctest */ = {isa = PBXFileReference; explicitFileType = wrapper.cfbundle; includeInIndex = 0; path = FeatureToolsTests.xctest; sourceTree = BUILT_PRODUCTS_DIR; };
		BD132DCD6A6310C4B080C8FD /* DataLayerTests.xctest */ = {isa = PBXFileReference; explicitFileType = wrapper.cfbundle; includeInIndex = 0; path = DataLayerTests.xctest; sourceTree = BUILT_PRODUCTS_DIR; };
		CC2E8129AE902384A85F7F0C /* FirebaseEnvironmentGuardTests.swift */ = {isa = PBXFileReference; includeInIndex = 1; lastKnownFileType = sourcecode.swift; path = FirebaseEnvironmentGuardTests.swift; sourceTree = "<group>"; };
		CD4EFD94F027A08DFB244C94 /* OrgPortalNextApp.swift */ = {isa = PBXFileReference; includeInIndex = 1; lastKnownFileType = sourcecode.swift; path = OrgPortalNextApp.swift; sourceTree = "<group>"; };
		D4A1AA94A07AA7ADDAFA6868 /* SwiftDataScheduleRepository.swift */ = {isa = PBXFileReference; includeInIndex = 1; lastKnownFileType = sourcecode.swift; path = SwiftDataScheduleRepository.swift; sourceTree = "<group>"; };
		D6B0F7298467A272E99E06B6 /* ScheduleRepository.swift */ = {isa = PBXFileReference; includeInIndex = 1; lastKnownFileType = sourcecode.swift; path = ScheduleRepository.swift; sourceTree = "<group>"; };
		DCBAC1FBBC8EC6F67DE7F3ED /* ScheduleViews.swift */ = {isa = PBXFileReference; includeInIndex = 1; lastKnownFileType = sourcecode.swift; path = ScheduleViews.swift; sourceTree = "<group>"; };
		E36F3F62AAD7C5B3D5E67051 /* ScheduleFeatureModel.swift */ = {isa = PBXFileReference; includeInIndex = 1; lastKnownFileType = sourcecode.swift; path = ScheduleFeatureModel.swift; sourceTree = "<group>"; };
		E5FC6F65D956BE1A6FF77692 /* ScheduleCsvExporterTests.swift */ = {isa = PBXFileReference; includeInIndex = 1; lastKnownFileType = sourcecode.swift; path = ScheduleCsvExporterTests.swift; sourceTree = "<group>"; };
		E67AF0F005BC7005ED9ADF47 /* ModelTests.xctest */ = {isa = PBXFileReference; explicitFileType = wrapper.cfbundle; includeInIndex = 0; path = ModelTests.xctest; sourceTree = BUILT_PRODUCTS_DIR; };
		E935CF54711E2305698A25F3 /* Foundation.framework */ = {isa = PBXFileReference; lastKnownFileType = wrapper.framework; name = Foundation.framework; path = Platforms/iPhoneOS.platform/Developer/SDKs/iPhoneOS18.0.sdk/System/Library/Frameworks/Foundation.framework; sourceTree = DEVELOPER_DIR; };
		EC7A17EAC8B706D747026C9D /* CommonViews.swift */ = {isa = PBXFileReference; includeInIndex = 1; lastKnownFileType = sourcecode.swift; path = CommonViews.swift; sourceTree = "<group>"; };
		F0FC86E0407A1CBE8AAA8823 /* ScheduleCsvExporter.swift */ = {isa = PBXFileReference; includeInIndex = 1; lastKnownFileType = sourcecode.swift; path = ScheduleCsvExporter.swift; sourceTree = "<group>"; };
/* End PBXFileReference section */

/* Begin PBXFrameworksBuildPhase section */
		042D184AACD46BD7507E386E /* Frameworks */ = {
			isa = PBXFrameworksBuildPhase;
			buildActionMask = 2147483647;
			files = (
				52ECED864171108CC85C1ACB /* Foundation.framework in Frameworks */,
				77A365372E02DB8EA892F97E /* Model.framework in Frameworks */,
			);
			runOnlyForDeploymentPostprocessing = 0;
		};
		0919FE99BDA26E19A5FE0B72 /* Frameworks */ = {
			isa = PBXFrameworksBuildPhase;
			buildActionMask = 2147483647;
			files = (
				ACEF031C3FBA80373D4B78F6 /* Foundation.framework in Frameworks */,
				2DE6FBB293F707C808318F90 /* Model.framework in Frameworks */,
			);
			runOnlyForDeploymentPostprocessing = 0;
		};
		0FDC9823F37C2E046CFC9B22 /* Frameworks */ = {
			isa = PBXFrameworksBuildPhase;
			buildActionMask = 2147483647;
			files = (
				033AA7C26BB3EB5744CDDBE5 /* Foundation.framework in Frameworks */,
				AA1A119F7CBE0A15C216900D /* Model.framework in Frameworks */,
				95A6503CF60827EB58C283D5 /* DesignSystem.framework in Frameworks */,
				354FBB3B37E60B5267C9CD6B /* Navigation.framework in Frameworks */,
				E33E19E0700DC46861FDCEA9 /* Session.framework in Frameworks */,
				EB352E7334A734E0ADDE533C /* DataLayer.framework in Frameworks */,
				B6BA65CA2B1255D7BF761F61 /* Notifications.framework in Frameworks */,
				CFEBBE8AFB4F886542008F6A /* FeatureTools.framework in Frameworks */,
			);
			runOnlyForDeploymentPostprocessing = 0;
		};
		34FB5C9F21A52B8CB353ECA9 /* Frameworks */ = {
			isa = PBXFrameworksBuildPhase;
			buildActionMask = 2147483647;
			files = (
				72754C4E3BEB985412F9FC85 /* Foundation.framework in Frameworks */,
				7CCC6F619767769672D4DA89 /* Model.framework in Frameworks */,
				CAB97179DB2FF34EE6FEA8F4 /* DesignSystem.framework in Frameworks */,
				B8DFBE333A5091E29154C803 /* DataLayer.framework in Frameworks */,
				AF3F981E6A43E83AFA00FF08 /* Notifications.framework in Frameworks */,
			);
			runOnlyForDeploymentPostprocessing = 0;
		};
		4C24CFFC45606B7754B53304 /* Frameworks */ = {
			isa = PBXFrameworksBuildPhase;
			buildActionMask = 2147483647;
			files = (
				D8D5597D89FA4DE5CA0054CC /* Foundation.framework in Frameworks */,
				5EF9A63F777414BAEB29B6B0 /* DesignSystem.framework in Frameworks */,
			);
			runOnlyForDeploymentPostprocessing = 0;
		};
		55B44B70DA352D617C8FBBAE /* Frameworks */ = {
			isa = PBXFrameworksBuildPhase;
			buildActionMask = 2147483647;
			files = (
				1DA2500B1944D8114B09259C /* Foundation.framework in Frameworks */,
				FB404D457B6DD6E8BA079101 /* Model.framework in Frameworks */,
			);
			runOnlyForDeploymentPostprocessing = 0;
		};
		6DA125F444FDD1C8CF344447 /* Frameworks */ = {
			isa = PBXFrameworksBuildPhase;
			buildActionMask = 2147483647;
			files = (
				CFD5333841C5D6552404E8F1 /* Foundation.framework in Frameworks */,
			);
			runOnlyForDeploymentPostprocessing = 0;
		};
		70C3B432FE1BDA84B21BC886 /* Frameworks */ = {
			isa = PBXFrameworksBuildPhase;
			buildActionMask = 2147483647;
			files = (
				C351169FD276E4AFB3C0D38C /* Foundation.framework in Frameworks */,
			);
			runOnlyForDeploymentPostprocessing = 0;
		};
		750E14A98FF4A25DDF2D01CE /* Frameworks */ = {
			isa = PBXFrameworksBuildPhase;
			buildActionMask = 2147483647;
			files = (
				8DA4D4F46812996524C73885 /* Foundation.framework in Frameworks */,
				66DC8291A94608D08B00D694 /* DataLayer.framework in Frameworks */,
				50229028C1ABE9ACE5FB30F6 /* Model.framework in Frameworks */,
			);
			runOnlyForDeploymentPostprocessing = 0;
		};
		AF785EBDBDEBBFA53FCA51B5 /* Frameworks */ = {
			isa = PBXFrameworksBuildPhase;
			buildActionMask = 2147483647;
			files = (
				38BA1804EE7F17A98273AA71 /* Foundation.framework in Frameworks */,
				1721A6A7078D7ADD9956DA8F /* Model.framework in Frameworks */,
			);
			runOnlyForDeploymentPostprocessing = 0;
		};
		B1C17C50EF9495208E96012E /* Frameworks */ = {
			isa = PBXFrameworksBuildPhase;
			buildActionMask = 2147483647;
			files = (
				ADCACA62F3DFE7A684A7127D /* Foundation.framework in Frameworks */,
				1F00CDBF96942CDD880BAF3C /* Model.framework in Frameworks */,
			);
			runOnlyForDeploymentPostprocessing = 0;
		};
		C7C489DF39371866DB9DE569 /* Frameworks */ = {
			isa = PBXFrameworksBuildPhase;
			buildActionMask = 2147483647;
			files = (
				0CFED30ABC66511BEE8E2E4F /* Foundation.framework in Frameworks */,
				D6D649ABAAA54ECBCE88C1B6 /* FeatureTools.framework in Frameworks */,
				2C205412249017F3E3B170E6 /* Model.framework in Frameworks */,
			);
			runOnlyForDeploymentPostprocessing = 0;
		};
/* End PBXFrameworksBuildPhase section */

/* Begin PBXGroup section */
		002C65625B6F88F0B27FC860 /* Core Testing */ = {
			isa = PBXGroup;
			children = (
				59EFFAF0B04A527B8AF47887 /* SampleData.swift */,
			);
			name = "Core Testing";
			path = Core/Testing;
			sourceTree = "<group>";
		};
		102F624DF4770DABE0D1AC59 /* Tests ModelTests */ = {
			isa = PBXGroup;
			children = (
				50790C089184D15651BC2770 /* ScheduleTests.swift */,
			);
			name = "Tests ModelTests";
			path = Tests/ModelTests;
			sourceTree = "<group>";
		};
		3971E0FF7B5C636BE3B54108 /* Core Navigation */ = {
			isa = PBXGroup;
			children = (
				7C8690945FC1F28AD98946F3 /* AppShellView.swift */,
			);
			name = "Core Navigation";
			path = Core/Navigation;
			sourceTree = "<group>";
		};
		3B1FBBF39FDAF72E0FF381D1 /* Frameworks */ = {
			isa = PBXGroup;
			children = (
				EE331B920ED66EB77AC43A6C /* iOS */,
			);
			name = Frameworks;
			sourceTree = "<group>";
		};
		542296B55CE07F0A6731CCED /* Core DataLayer */ = {
			isa = PBXGroup;
			children = (
				6DC4E131326AA6772C04F9CF /* FirebaseEnvironmentGuard.swift */,
				D6B0F7298467A272E99E06B6 /* ScheduleRepository.swift */,
				D4A1AA94A07AA7ADDAFA6868 /* SwiftDataScheduleRepository.swift */,
			);
			name = "Core DataLayer";
			path = Core/DataLayer;
			sourceTree = "<group>";
		};
		559A34D2C19650771C388500 /* Tests FeatureToolsTests */ = {
			isa = PBXGroup;
			children = (
				0D69B776E27B2DA7C264D74A /* GuestHomeToolTests.swift */,
				E5FC6F65D956BE1A6FF77692 /* ScheduleCsvExporterTests.swift */,
			);
			name = "Tests FeatureToolsTests";
			path = Tests/FeatureToolsTests;
			sourceTree = "<group>";
		};
		596A0B688A0A388154C0396A /* Core Session */ = {
			isa = PBXGroup;
			children = (
				52B483E3D33ADAA9422B3FB2 /* AppSession.swift */,
			);
			name = "Core Session";
			path = Core/Session;
			sourceTree = "<group>";
		};
		6F37B9514E56FAE580968421 /* App */ = {
			isa = PBXGroup;
			children = (
				CD4EFD94F027A08DFB244C94 /* OrgPortalNextApp.swift */,
			);
			name = App;
			path = App;
			sourceTree = "<group>";
		};
		7148833E016F924DB33EAE43 = {
			isa = PBXGroup;
			children = (
				F6A095F60FB76970126ACADD /* Products */,
				3B1FBBF39FDAF72E0FF381D1 /* Frameworks */,
				DE3FC722B3575EA9C5C187B3 /* Core Model */,
				E7BAB401373168B837CB46B1 /* Core DesignSystem */,
				3971E0FF7B5C636BE3B54108 /* Core Navigation */,
				596A0B688A0A388154C0396A /* Core Session */,
				542296B55CE07F0A6731CCED /* Core DataLayer */,
				E742A04F5CE66BCC7D62AF64 /* Core Notifications */,
				002C65625B6F88F0B27FC860 /* Core Testing */,
				CC32AD31D8D0BFE65A17D29F /* Feature Tools */,
				6F37B9514E56FAE580968421 /* App */,
				D9BC6211FDD0897A03A4DDAA /* App Resources */,
				102F624DF4770DABE0D1AC59 /* Tests ModelTests */,
				89168D28C92CB93DDC439605 /* Tests DataLayerTests */,
				559A34D2C19650771C388500 /* Tests FeatureToolsTests */,
			);
			sourceTree = "<group>";
		};
		89168D28C92CB93DDC439605 /* Tests DataLayerTests */ = {
			isa = PBXGroup;
			children = (
				CC2E8129AE902384A85F7F0C /* FirebaseEnvironmentGuardTests.swift */,
				9A24F529470C4DC506B3A795 /* SwiftDataScheduleRepositoryTests.swift */,
			);
			name = "Tests DataLayerTests";
			path = Tests/DataLayerTests;
			sourceTree = "<group>";
		};
		CC32AD31D8D0BFE65A17D29F /* Feature Tools */ = {
			isa = PBXGroup;
			children = (
				5AD6E389FFEE2302ED686DE2 /* ActivityShareSheet.swift */,
				45F20B46B9D5C097EDD477B5 /* DeviceCalendarClient.swift */,
				637CA23B102819844658C3AA /* GuestHomeView.swift */,
				F0FC86E0407A1CBE8AAA8823 /* ScheduleCsvExporter.swift */,
				E36F3F62AAD7C5B3D5E67051 /* ScheduleFeatureModel.swift */,
				DCBAC1FBBC8EC6F67DE7F3ED /* ScheduleViews.swift */,
			);
			name = "Feature Tools";
			path = Feature/Tools;
			sourceTree = "<group>";
		};
		D9BC6211FDD0897A03A4DDAA /* App Resources */ = {
			isa = PBXGroup;
			children = (
				19082684F85272AA99010E17 /* Localizable.xcstrings */,
			);
			name = "App Resources";
			path = App/Resources;
			sourceTree = "<group>";
		};
		DE3FC722B3575EA9C5C187B3 /* Core Model */ = {
			isa = PBXGroup;
			children = (
				3FB9FED4F2C7DB1FEB9427FB /* Schedule.swift */,
				8B3776D17B284491262E49AD /* UserStage.swift */,
			);
			name = "Core Model";
			path = Core/Model;
			sourceTree = "<group>";
		};
		E742A04F5CE66BCC7D62AF64 /* Core Notifications */ = {
			isa = PBXGroup;
			children = (
				0F9888366C469AD216C4D99C /* NotificationService.swift */,
			);
			name = "Core Notifications";
			path = Core/Notifications;
			sourceTree = "<group>";
		};
		E7BAB401373168B837CB46B1 /* Core DesignSystem */ = {
			isa = PBXGroup;
			children = (
				EC7A17EAC8B706D747026C9D /* CommonViews.swift */,
				38952F4A2200AB99D3C3F73C /* DesignTokens.swift */,
			);
			name = "Core DesignSystem";
			path = Core/DesignSystem;
			sourceTree = "<group>";
		};
		EE331B920ED66EB77AC43A6C /* iOS */ = {
			isa = PBXGroup;
			children = (
				E935CF54711E2305698A25F3 /* Foundation.framework */,
			);
			name = iOS;
			sourceTree = "<group>";
		};
		F6A095F60FB76970126ACADD /* Products */ = {
			isa = PBXGroup;
			children = (
				4D7BCC18471B2ECF72975284 /* Model.framework */,
				7837E3B5985A2015A56239D7 /* DesignSystem.framework */,
				AAE38C61A466C57E4ED6314B /* Navigation.framework */,
				1952048B0FBACBEBB1637A57 /* Session.framework */,
				15C9E7A41C464DDD73A1E2B0 /* DataLayer.framework */,
				05FE8438D47AA08B1F3ED74A /* Notifications.framework */,
				9F0096D27C72E752E0D8FAB1 /* Testing.framework */,
				2FFD8AAEFDCFB5C40D2F4B4D /* FeatureTools.framework */,
				9E265C894BEFC3FB8E8D3759 /* OrgPortalNext.app */,
				E67AF0F005BC7005ED9ADF47 /* ModelTests.xctest */,
				BD132DCD6A6310C4B080C8FD /* DataLayerTests.xctest */,
				AD4EBABF34BD8B4ECF1D9227 /* FeatureToolsTests.xctest */,
			);
			name = Products;
			sourceTree = "<group>";
		};
/* End PBXGroup section */

/* Begin PBXHeadersBuildPhase section */
		0A7DE734A2542FA78462C67C /* Headers */ = {
			isa = PBXHeadersBuildPhase;
			buildActionMask = 2147483647;
			files = (
			);
			runOnlyForDeploymentPostprocessing = 0;
		};
		336D14C9B4A7872312BD4F6F /* Headers */ = {
			isa = PBXHeadersBuildPhase;
			buildActionMask = 2147483647;
			files = (
			);
			runOnlyForDeploymentPostprocessing = 0;
		};
		4095345018C286BD46E8F02E /* Headers */ = {
			isa = PBXHeadersBuildPhase;
			buildActionMask = 2147483647;
			files = (
			);
			runOnlyForDeploymentPostprocessing = 0;
		};
		6074BC1246FD17BAF86CEB23 /* Headers */ = {
			isa = PBXHeadersBuildPhase;
			buildActionMask = 2147483647;
			files = (
			);
			runOnlyForDeploymentPostprocessing = 0;
		};
		DBC9353953C795A029CC3B1F /* Headers */ = {
			isa = PBXHeadersBuildPhase;
			buildActionMask = 2147483647;
			files = (
			);
			runOnlyForDeploymentPostprocessing = 0;
		};
		DDE5604D2A24023AA6932369 /* Headers */ = {
			isa = PBXHeadersBuildPhase;
			buildActionMask = 2147483647;
			files = (
			);
			runOnlyForDeploymentPostprocessing = 0;
		};
		E19BD4BABFBA7AA4CE30E949 /* Headers */ = {
			isa = PBXHeadersBuildPhase;
			buildActionMask = 2147483647;
			files = (
			);
			runOnlyForDeploymentPostprocessing = 0;
		};
		EE576487ED51DF9B8584FA56 /* Headers */ = {
			isa = PBXHeadersBuildPhase;
			buildActionMask = 2147483647;
			files = (
			);
			runOnlyForDeploymentPostprocessing = 0;
		};
/* End PBXHeadersBuildPhase section */

/* Begin PBXNativeTarget section */
		09B85ABB5C6BE1F67F74AB94 /* Navigation */ = {
			isa = PBXNativeTarget;
			buildConfigurationList = 307673CE777E4290980C5B30 /* Build configuration list for PBXNativeTarget "Navigation" */;
			buildPhases = (
				DDE5604D2A24023AA6932369 /* Headers */,
				33CC1A295585D426112CE6B3 /* Sources */,
				4C24CFFC45606B7754B53304 /* Frameworks */,
				696EF23166BB83F536633E37 /* Resources */,
			);
			buildRules = (
			);
			dependencies = (
				69996247BBECF622FD0C1416 /* PBXTargetDependency */,
			);
			name = Navigation;
			productName = Navigation;
			productReference = AAE38C61A466C57E4ED6314B /* Navigation.framework */;
			productType = "com.apple.product-type.framework";
		};
		1F8318A9A0031FA55CCDDD23 /* DesignSystem */ = {
			isa = PBXNativeTarget;
			buildConfigurationList = 6E06D35834E71D3C668395E7 /* Build configuration list for PBXNativeTarget "DesignSystem" */;
			buildPhases = (
				0A7DE734A2542FA78462C67C /* Headers */,
				79E03067FC038D16E17145F6 /* Sources */,
				6DA125F444FDD1C8CF344447 /* Frameworks */,
				B13B1FC2475A5B0541068F9E /* Resources */,
			);
			buildRules = (
			);
			dependencies = (
			);
			name = DesignSystem;
			productName = DesignSystem;
			productReference = 7837E3B5985A2015A56239D7 /* DesignSystem.framework */;
			productType = "com.apple.product-type.framework";
		};
		3FB5886197446C943B5076AC /* DataLayerTests */ = {
			isa = PBXNativeTarget;
			buildConfigurationList = 39796AE3299E3B6BCE048634 /* Build configuration list for PBXNativeTarget "DataLayerTests" */;
			buildPhases = (
				28728F99CB5D90AC81098C22 /* Sources */,
				750E14A98FF4A25DDF2D01CE /* Frameworks */,
				90E1914F9543CB77FC880E99 /* Resources */,
			);
			buildRules = (
			);
			dependencies = (
				F3481A05ADA81E963372AE66 /* PBXTargetDependency */,
				CB3E92F8393DBDB52669BBAE /* PBXTargetDependency */,
			);
			name = DataLayerTests;
			productName = DataLayerTests;
			productReference = BD132DCD6A6310C4B080C8FD /* DataLayerTests.xctest */;
			productType = "com.apple.product-type.bundle.unit-test";
		};
		5DF891E2220CCD4F323CA9B1 /* Session */ = {
			isa = PBXNativeTarget;
			buildConfigurationList = 09EF8E934F84629924258F1D /* Build configuration list for PBXNativeTarget "Session" */;
			buildPhases = (
				EE576487ED51DF9B8584FA56 /* Headers */,
				4F79AA7E25FE07E911DD1974 /* Sources */,
				AF785EBDBDEBBFA53FCA51B5 /* Frameworks */,
				3E6B71DC43553360BD41C5DA /* Resources */,
			);
			buildRules = (
			);
			dependencies = (
				771C2F2086A4B7508E4E80C0 /* PBXTargetDependency */,
			);
			name = Session;
			productName = Session;
			productReference = 1952048B0FBACBEBB1637A57 /* Session.framework */;
			productType = "com.apple.product-type.framework";
		};
		5F12F667D1550927300C7293 /* ModelTests */ = {
			isa = PBXNativeTarget;
			buildConfigurationList = A2E3AD63EE987899D77860CD /* Build configuration list for PBXNativeTarget "ModelTests" */;
			buildPhases = (
				5899B4DCFBFFC3F85A5ADE1E /* Sources */,
				042D184AACD46BD7507E386E /* Frameworks */,
				8D43744736D8EA26C42D55AB /* Resources */,
			);
			buildRules = (
			);
			dependencies = (
				78AAECB35D9CF9902D4BA1D0 /* PBXTargetDependency */,
			);
			name = ModelTests;
			productName = ModelTests;
			productReference = E67AF0F005BC7005ED9ADF47 /* ModelTests.xctest */;
			productType = "com.apple.product-type.bundle.unit-test";
		};
		91C00EEF8B97251E7D337BB8 /* DataLayer */ = {
			isa = PBXNativeTarget;
			buildConfigurationList = E83BB8E3E4FD9BE8CDA5F7F5 /* Build configuration list for PBXNativeTarget "DataLayer" */;
			buildPhases = (
				DBC9353953C795A029CC3B1F /* Headers */,
				CD1741B5719287491CB0F20B /* Sources */,
				B1C17C50EF9495208E96012E /* Frameworks */,
				34781CD76F013123278B5ED1 /* Resources */,
			);
			buildRules = (
			);
			dependencies = (
				613AB11F0EADF3DC391A23CF /* PBXTargetDependency */,
			);
			name = DataLayer;
			productName = DataLayer;
			productReference = 15C9E7A41C464DDD73A1E2B0 /* DataLayer.framework */;
			productType = "com.apple.product-type.framework";
		};
		9458D334A61143A01B3E6E62 /* FeatureToolsTests */ = {
			isa = PBXNativeTarget;
			buildConfigurationList = B4480D4B286FD89D0742A50B /* Build configuration list for PBXNativeTarget "FeatureToolsTests" */;
			buildPhases = (
				5B5A839123DB5B3104B3675D /* Sources */,
				C7C489DF39371866DB9DE569 /* Frameworks */,
				79AFD91373EE8D47FA3262BC /* Resources */,
			);
			buildRules = (
			);
			dependencies = (
				E3D265368739076D8578149F /* PBXTargetDependency */,
				B2A15D5E8037F95213D74115 /* PBXTargetDependency */,
			);
			name = FeatureToolsTests;
			productName = FeatureToolsTests;
			productReference = AD4EBABF34BD8B4ECF1D9227 /* FeatureToolsTests.xctest */;
			productType = "com.apple.product-type.bundle.unit-test";
		};
		B865299FEB4E15C9462B3E91 /* Model */ = {
			isa = PBXNativeTarget;
			buildConfigurationList = 20B416CFD0D00CD766DAFF08 /* Build configuration list for PBXNativeTarget "Model" */;
			buildPhases = (
				336D14C9B4A7872312BD4F6F /* Headers */,
				6AE1C22AA96F9F9ACE0BF1D8 /* Sources */,
				70C3B432FE1BDA84B21BC886 /* Frameworks */,
				75084DABEE117734EE197A98 /* Resources */,
			);
			buildRules = (
			);
			dependencies = (
			);
			name = Model;
			productName = Model;
			productReference = 4D7BCC18471B2ECF72975284 /* Model.framework */;
			productType = "com.apple.product-type.framework";
		};
		C57668B9B23369813467F244 /* FeatureTools */ = {
			isa = PBXNativeTarget;
			buildConfigurationList = 0FEB877D6408CDE8EFC2FC5E /* Build configuration list for PBXNativeTarget "FeatureTools" */;
			buildPhases = (
				4095345018C286BD46E8F02E /* Headers */,
				46DB517E3A83B27B6848C377 /* Sources */,
				34FB5C9F21A52B8CB353ECA9 /* Frameworks */,
				A5789120662B7DEF00B4F301 /* Resources */,
			);
			buildRules = (
			);
			dependencies = (
				8D27D1A60362DAC85A946F35 /* PBXTargetDependency */,
				F52774D64C340CF9691AEBC2 /* PBXTargetDependency */,
				CA4E6ED1CA74DB2C65D69C9B /* PBXTargetDependency */,
				EA68ECF3FD2CD0BC302BDB6B /* PBXTargetDependency */,
			);
			name = FeatureTools;
			productName = FeatureTools;
			productReference = 2FFD8AAEFDCFB5C40D2F4B4D /* FeatureTools.framework */;
			productType = "com.apple.product-type.framework";
		};
		E23A39EDFB2867B7EBDCD2B4 /* Testing */ = {
			isa = PBXNativeTarget;
			buildConfigurationList = 3844C5E3499D6DDB1DDF9E70 /* Build configuration list for PBXNativeTarget "Testing" */;
			buildPhases = (
				6074BC1246FD17BAF86CEB23 /* Headers */,
				E62F2D64B7C5DEAC335B2BE6 /* Sources */,
				0919FE99BDA26E19A5FE0B72 /* Frameworks */,
				42B95BF666E305215811C579 /* Resources */,
			);
			buildRules = (
			);
			dependencies = (
				219ADA55B2ED753B436C428B /* PBXTargetDependency */,
			);
			name = Testing;
			productName = Testing;
			productReference = 9F0096D27C72E752E0D8FAB1 /* Testing.framework */;
			productType = "com.apple.product-type.framework";
		};
		F5AE5314112591487585F160 /* OrgPortalNext */ = {
			isa = PBXNativeTarget;
			buildConfigurationList = B85E19E3CBC862B3C546D717 /* Build configuration list for PBXNativeTarget "OrgPortalNext" */;
			buildPhases = (
				881316417A980B6B01D6B781 /* Sources */,
				0FDC9823F37C2E046CFC9B22 /* Frameworks */,
				A10000000000000000000008 /* Embed Frameworks */,
				AE3FA5D8AC97284396641629 /* Resources */,
			);
			buildRules = (
			);
			dependencies = (
				6A4D357EACBB7BF29EF89A84 /* PBXTargetDependency */,
				86EDA74328BD340B7BDB6525 /* PBXTargetDependency */,
				E8A8632FA3BFEC11F34E8636 /* PBXTargetDependency */,
				BE9A751159318915D2909676 /* PBXTargetDependency */,
				6C8748C33611AC728A6637DD /* PBXTargetDependency */,
				77785E40D9CDD38188762847 /* PBXTargetDependency */,
				CC910C7CC5FB15A39D247C82 /* PBXTargetDependency */,
			);
			name = OrgPortalNext;
			productName = OrgPortalNext;
			productReference = 9E265C894BEFC3FB8E8D3759 /* OrgPortalNext.app */;
			productType = "com.apple.product-type.application";
		};
		FE51CF38CDD0951441E2FF55 /* Notifications */ = {
			isa = PBXNativeTarget;
			buildConfigurationList = 59901FC6DDD0DF87E940A07C /* Build configuration list for PBXNativeTarget "Notifications" */;
			buildPhases = (
				E19BD4BABFBA7AA4CE30E949 /* Headers */,
				DE0BF93C9535CF5B503A498C /* Sources */,
				55B44B70DA352D617C8FBBAE /* Frameworks */,
				DFE242EDB03E8B9B4164C9D0 /* Resources */,
			);
			buildRules = (
			);
			dependencies = (
				02154FB9C18E831E566AB943 /* PBXTargetDependency */,
			);
			name = Notifications;
			productName = Notifications;
			productReference = 05FE8438D47AA08B1F3ED74A /* Notifications.framework */;
			productType = "com.apple.product-type.framework";
		};
/* End PBXNativeTarget section */

/* Begin PBXProject section */
		820EF16BCC039644F3B823BE /* Project object */ = {
			isa = PBXProject;
			attributes = {
				LastSwiftUpdateCheck = 2620;
				LastUpgradeCheck = 2620;
			};
			buildConfigurationList = 2B8E30ACA2201BB40AE09A82 /* Build configuration list for PBXProject "OrgPortalNext" */;
			compatibilityVersion = "Xcode 3.2";
			developmentRegion = en;
			hasScannedForEncodings = 0;
			knownRegions = (
				en,
				Base,
			);
			mainGroup = 7148833E016F924DB33EAE43;
			minimizedProjectReferenceProxies = 0;
			preferredProjectObjectVersion = 77;
			productRefGroup = F6A095F60FB76970126ACADD /* Products */;
			projectDirPath = "";
			projectRoot = "";
			targets = (
				B865299FEB4E15C9462B3E91 /* Model */,
				1F8318A9A0031FA55CCDDD23 /* DesignSystem */,
				09B85ABB5C6BE1F67F74AB94 /* Navigation */,
				5DF891E2220CCD4F323CA9B1 /* Session */,
				91C00EEF8B97251E7D337BB8 /* DataLayer */,
				FE51CF38CDD0951441E2FF55 /* Notifications */,
				E23A39EDFB2867B7EBDCD2B4 /* Testing */,
				C57668B9B23369813467F244 /* FeatureTools */,
				F5AE5314112591487585F160 /* OrgPortalNext */,
				5F12F667D1550927300C7293 /* ModelTests */,
				3FB5886197446C943B5076AC /* DataLayerTests */,
				9458D334A61143A01B3E6E62 /* FeatureToolsTests */,
			);
		};
/* End PBXProject section */

/* Begin PBXResourcesBuildPhase section */
		34781CD76F013123278B5ED1 /* Resources */ = {
			isa = PBXResourcesBuildPhase;
			buildActionMask = 2147483647;
			files = (
			);
			runOnlyForDeploymentPostprocessing = 0;
		};
		3E6B71DC43553360BD41C5DA /* Resources */ = {
			isa = PBXResourcesBuildPhase;
			buildActionMask = 2147483647;
			files = (
			);
			runOnlyForDeploymentPostprocessing = 0;
		};
		42B95BF666E305215811C579 /* Resources */ = {
			isa = PBXResourcesBuildPhase;
			buildActionMask = 2147483647;
			files = (
			);
			runOnlyForDeploymentPostprocessing = 0;
		};
		696EF23166BB83F536633E37 /* Resources */ = {
			isa = PBXResourcesBuildPhase;
			buildActionMask = 2147483647;
			files = (
			);
			runOnlyForDeploymentPostprocessing = 0;
		};
		75084DABEE117734EE197A98 /* Resources */ = {
			isa = PBXResourcesBuildPhase;
			buildActionMask = 2147483647;
			files = (
			);
			runOnlyForDeploymentPostprocessing = 0;
		};
		79AFD91373EE8D47FA3262BC /* Resources */ = {
			isa = PBXResourcesBuildPhase;
			buildActionMask = 2147483647;
			files = (
			);
			runOnlyForDeploymentPostprocessing = 0;
		};
		8D43744736D8EA26C42D55AB /* Resources */ = {
			isa = PBXResourcesBuildPhase;
			buildActionMask = 2147483647;
			files = (
			);
			runOnlyForDeploymentPostprocessing = 0;
		};
		90E1914F9543CB77FC880E99 /* Resources */ = {
			isa = PBXResourcesBuildPhase;
			buildActionMask = 2147483647;
			files = (
			);
			runOnlyForDeploymentPostprocessing = 0;
		};
		A5789120662B7DEF00B4F301 /* Resources */ = {
			isa = PBXResourcesBuildPhase;
			buildActionMask = 2147483647;
			files = (
			);
			runOnlyForDeploymentPostprocessing = 0;
		};
		AE3FA5D8AC97284396641629 /* Resources */ = {
			isa = PBXResourcesBuildPhase;
			buildActionMask = 2147483647;
			files = (
				A54AAE9BC88C74047A72F039 /* Localizable.xcstrings in Resources */,
			);
			runOnlyForDeploymentPostprocessing = 0;
		};
		B13B1FC2475A5B0541068F9E /* Resources */ = {
			isa = PBXResourcesBuildPhase;
			buildActionMask = 2147483647;
			files = (
			);
			runOnlyForDeploymentPostprocessing = 0;
		};
		DFE242EDB03E8B9B4164C9D0 /* Resources */ = {
			isa = PBXResourcesBuildPhase;
			buildActionMask = 2147483647;
			files = (
			);
			runOnlyForDeploymentPostprocessing = 0;
		};
/* End PBXResourcesBuildPhase section */

/* Begin PBXSourcesBuildPhase section */
		28728F99CB5D90AC81098C22 /* Sources */ = {
			isa = PBXSourcesBuildPhase;
			buildActionMask = 2147483647;
			files = (
				0862FE347F001FE97793A466 /* FirebaseEnvironmentGuardTests.swift in Sources */,
				DD236E8C02815D0C329BD4EF /* SwiftDataScheduleRepositoryTests.swift in Sources */,
			);
			runOnlyForDeploymentPostprocessing = 0;
		};
		33CC1A295585D426112CE6B3 /* Sources */ = {
			isa = PBXSourcesBuildPhase;
			buildActionMask = 2147483647;
			files = (
				069FFA8F6759652D1EBC6C65 /* AppShellView.swift in Sources */,
			);
			runOnlyForDeploymentPostprocessing = 0;
		};
		46DB517E3A83B27B6848C377 /* Sources */ = {
			isa = PBXSourcesBuildPhase;
			buildActionMask = 2147483647;
			files = (
				F0167FBBE763937967A25CE3 /* ActivityShareSheet.swift in Sources */,
				799C12D5E3C822BE1DCE0721 /* DeviceCalendarClient.swift in Sources */,
				1547FA179CD9EE1A162EA375 /* GuestHomeView.swift in Sources */,
				27E1D007EABCDAB10EF1AFF2 /* ScheduleCsvExporter.swift in Sources */,
				DB6E42E3880B8DAF41AAD2C8 /* ScheduleFeatureModel.swift in Sources */,
				3A3BF56100131A51C1E357AF /* ScheduleViews.swift in Sources */,
			);
			runOnlyForDeploymentPostprocessing = 0;
		};
		4F79AA7E25FE07E911DD1974 /* Sources */ = {
			isa = PBXSourcesBuildPhase;
			buildActionMask = 2147483647;
			files = (
				A46947C64E8586A6F8FE5C8B /* AppSession.swift in Sources */,
			);
			runOnlyForDeploymentPostprocessing = 0;
		};
		5899B4DCFBFFC3F85A5ADE1E /* Sources */ = {
			isa = PBXSourcesBuildPhase;
			buildActionMask = 2147483647;
			files = (
				7E64B86EDE377A3585B453EF /* ScheduleTests.swift in Sources */,
			);
			runOnlyForDeploymentPostprocessing = 0;
		};
		5B5A839123DB5B3104B3675D /* Sources */ = {
			isa = PBXSourcesBuildPhase;
			buildActionMask = 2147483647;
			files = (
				C2039D6A3064317159FEF366 /* GuestHomeToolTests.swift in Sources */,
				DC61767887D7ABB8FAD56417 /* ScheduleCsvExporterTests.swift in Sources */,
			);
			runOnlyForDeploymentPostprocessing = 0;
		};
		6AE1C22AA96F9F9ACE0BF1D8 /* Sources */ = {
			isa = PBXSourcesBuildPhase;
			buildActionMask = 2147483647;
			files = (
				AC23B2C4AAD322A52F42CA86 /* Schedule.swift in Sources */,
				9512614443E4A38CA06CF1CC /* UserStage.swift in Sources */,
			);
			runOnlyForDeploymentPostprocessing = 0;
		};
		79E03067FC038D16E17145F6 /* Sources */ = {
			isa = PBXSourcesBuildPhase;
			buildActionMask = 2147483647;
			files = (
				649819A2D132F78FBDE20A1D /* CommonViews.swift in Sources */,
				88CD8FB0F87CD0BA279C389C /* DesignTokens.swift in Sources */,
			);
			runOnlyForDeploymentPostprocessing = 0;
		};
		881316417A980B6B01D6B781 /* Sources */ = {
			isa = PBXSourcesBuildPhase;
			buildActionMask = 2147483647;
			files = (
				6EFCBEA491179AB0AB409586 /* OrgPortalNextApp.swift in Sources */,
			);
			runOnlyForDeploymentPostprocessing = 0;
		};
		CD1741B5719287491CB0F20B /* Sources */ = {
			isa = PBXSourcesBuildPhase;
			buildActionMask = 2147483647;
			files = (
				040718D39A4B1F6EFCA7AD7C /* FirebaseEnvironmentGuard.swift in Sources */,
				412E5D0E9E7AA71D0C74B1F8 /* ScheduleRepository.swift in Sources */,
				DB2ACDE0C2F36247EFACF0F3 /* SwiftDataScheduleRepository.swift in Sources */,
			);
			runOnlyForDeploymentPostprocessing = 0;
		};
		DE0BF93C9535CF5B503A498C /* Sources */ = {
			isa = PBXSourcesBuildPhase;
			buildActionMask = 2147483647;
			files = (
				65F1C0769B01D477AAF3124C /* NotificationService.swift in Sources */,
			);
			runOnlyForDeploymentPostprocessing = 0;
		};
		E62F2D64B7C5DEAC335B2BE6 /* Sources */ = {
			isa = PBXSourcesBuildPhase;
			buildActionMask = 2147483647;
			files = (
				33D308F4AD9BFE416EA7CC30 /* SampleData.swift in Sources */,
			);
			runOnlyForDeploymentPostprocessing = 0;
		};
/* End PBXSourcesBuildPhase section */

/* Begin PBXTargetDependency section */
		02154FB9C18E831E566AB943 /* PBXTargetDependency */ = {
			isa = PBXTargetDependency;
			name = Model;
			target = B865299FEB4E15C9462B3E91 /* Model */;
			targetProxy = 1A891CF24851C3A2F1C9D249 /* PBXContainerItemProxy */;
		};
		219ADA55B2ED753B436C428B /* PBXTargetDependency */ = {
			isa = PBXTargetDependency;
			name = Model;
			target = B865299FEB4E15C9462B3E91 /* Model */;
			targetProxy = 62A59B9B58EE1F22665ED458 /* PBXContainerItemProxy */;
		};
		613AB11F0EADF3DC391A23CF /* PBXTargetDependency */ = {
			isa = PBXTargetDependency;
			name = Model;
			target = B865299FEB4E15C9462B3E91 /* Model */;
			targetProxy = 2C172C79E69CD974711798E6 /* PBXContainerItemProxy */;
		};
		69996247BBECF622FD0C1416 /* PBXTargetDependency */ = {
			isa = PBXTargetDependency;
			name = DesignSystem;
			target = 1F8318A9A0031FA55CCDDD23 /* DesignSystem */;
			targetProxy = 152E45AC928BB4236655F49C /* PBXContainerItemProxy */;
		};
		6A4D357EACBB7BF29EF89A84 /* PBXTargetDependency */ = {
			isa = PBXTargetDependency;
			name = Model;
			target = B865299FEB4E15C9462B3E91 /* Model */;
			targetProxy = 13C0B7B8B4627F7205295FA9 /* PBXContainerItemProxy */;
		};
		6C8748C33611AC728A6637DD /* PBXTargetDependency */ = {
			isa = PBXTargetDependency;
			name = DataLayer;
			target = 91C00EEF8B97251E7D337BB8 /* DataLayer */;
			targetProxy = 240AEBE29E5B42BBD6D246DE /* PBXContainerItemProxy */;
		};
		771C2F2086A4B7508E4E80C0 /* PBXTargetDependency */ = {
			isa = PBXTargetDependency;
			name = Model;
			target = B865299FEB4E15C9462B3E91 /* Model */;
			targetProxy = EF6F942DE08B614273D43DF7 /* PBXContainerItemProxy */;
		};
		77785E40D9CDD38188762847 /* PBXTargetDependency */ = {
			isa = PBXTargetDependency;
			name = Notifications;
			target = FE51CF38CDD0951441E2FF55 /* Notifications */;
			targetProxy = 9AE5425E81D2D5C886996998 /* PBXContainerItemProxy */;
		};
		78AAECB35D9CF9902D4BA1D0 /* PBXTargetDependency */ = {
			isa = PBXTargetDependency;
			name = Model;
			target = B865299FEB4E15C9462B3E91 /* Model */;
			targetProxy = 9894E9A24063BD6641BBDE63 /* PBXContainerItemProxy */;
		};
		86EDA74328BD340B7BDB6525 /* PBXTargetDependency */ = {
			isa = PBXTargetDependency;
			name = DesignSystem;
			target = 1F8318A9A0031FA55CCDDD23 /* DesignSystem */;
			targetProxy = DCCF607582D50F44D44646FF /* PBXContainerItemProxy */;
		};
		8D27D1A60362DAC85A946F35 /* PBXTargetDependency */ = {
			isa = PBXTargetDependency;
			name = Model;
			target = B865299FEB4E15C9462B3E91 /* Model */;
			targetProxy = DF7EDB71B86C8545A9E9EFF2 /* PBXContainerItemProxy */;
		};
		B2A15D5E8037F95213D74115 /* PBXTargetDependency */ = {
			isa = PBXTargetDependency;
			name = Model;
			target = B865299FEB4E15C9462B3E91 /* Model */;
			targetProxy = D46B949096CE12C27D5389AC /* PBXContainerItemProxy */;
		};
		BE9A751159318915D2909676 /* PBXTargetDependency */ = {
			isa = PBXTargetDependency;
			name = Session;
			target = 5DF891E2220CCD4F323CA9B1 /* Session */;
			targetProxy = 8F6851669EA2248D0D49914A /* PBXContainerItemProxy */;
		};
		CA4E6ED1CA74DB2C65D69C9B /* PBXTargetDependency */ = {
			isa = PBXTargetDependency;
			name = DataLayer;
			target = 91C00EEF8B97251E7D337BB8 /* DataLayer */;
			targetProxy = 039AA1D0FA32617AADFAB3B9 /* PBXContainerItemProxy */;
		};
		CB3E92F8393DBDB52669BBAE /* PBXTargetDependency */ = {
			isa = PBXTargetDependency;
			name = Model;
			target = B865299FEB4E15C9462B3E91 /* Model */;
			targetProxy = F17FCD3627D246185D8A831B /* PBXContainerItemProxy */;
		};
		CC910C7CC5FB15A39D247C82 /* PBXTargetDependency */ = {
			isa = PBXTargetDependency;
			name = FeatureTools;
			target = C57668B9B23369813467F244 /* FeatureTools */;
			targetProxy = B889007478C76A3169558BF7 /* PBXContainerItemProxy */;
		};
		E3D265368739076D8578149F /* PBXTargetDependency */ = {
			isa = PBXTargetDependency;
			name = FeatureTools;
			target = C57668B9B23369813467F244 /* FeatureTools */;
			targetProxy = 0601D88DA00DCB6A6278B8A2 /* PBXContainerItemProxy */;
		};
		E8A8632FA3BFEC11F34E8636 /* PBXTargetDependency */ = {
			isa = PBXTargetDependency;
			name = Navigation;
			target = 09B85ABB5C6BE1F67F74AB94 /* Navigation */;
			targetProxy = 5430D792F366DE6F3639BD09 /* PBXContainerItemProxy */;
		};
		EA68ECF3FD2CD0BC302BDB6B /* PBXTargetDependency */ = {
			isa = PBXTargetDependency;
			name = Notifications;
			target = FE51CF38CDD0951441E2FF55 /* Notifications */;
			targetProxy = A0C3568B911A9906D069AA6E /* PBXContainerItemProxy */;
		};
		F3481A05ADA81E963372AE66 /* PBXTargetDependency */ = {
			isa = PBXTargetDependency;
			name = DataLayer;
			target = 91C00EEF8B97251E7D337BB8 /* DataLayer */;
			targetProxy = 01B711AFE2AE75DC1A63BCEC /* PBXContainerItemProxy */;
		};
		F52774D64C340CF9691AEBC2 /* PBXTargetDependency */ = {
			isa = PBXTargetDependency;
			name = DesignSystem;
			target = 1F8318A9A0031FA55CCDDD23 /* DesignSystem */;
			targetProxy = DE7EB73BC0B659E0F3A094A2 /* PBXContainerItemProxy */;
		};
/* End PBXTargetDependency section */

/* Begin XCBuildConfiguration section */
		0A99A55AAC67983ED0C2DA42 /* Release */ = {
			isa = XCBuildConfiguration;
			buildSettings = {
				CLANG_ENABLE_OBJC_WEAK = NO;
				CODE_SIGN_STYLE = Automatic;
				DEVELOPMENT_TEAM = "";
				ENABLE_USER_SCRIPT_SANDBOXING = YES;
				GENERATE_INFOPLIST_FILE = YES;
				IPHONEOS_DEPLOYMENT_TARGET = 17.0;
				PRODUCT_BUNDLE_IDENTIFIER = org.nagaoka.blog.k100.member.next.tests.modeltests;
				SDKROOT = iphoneos;
				SWIFT_VERSION = 6.0;
				VALIDATE_PRODUCT = YES;
			};
			name = Release;
		};
		0C9008A8776DF99E8C069BB5 /* Release */ = {
			isa = XCBuildConfiguration;
			buildSettings = {
				CLANG_ENABLE_OBJC_WEAK = NO;
				CODE_SIGN_STYLE = Automatic;
				DEVELOPMENT_TEAM = "";
				ENABLE_USER_SCRIPT_SANDBOXING = YES;
				GENERATE_INFOPLIST_FILE = YES;
				IPHONEOS_DEPLOYMENT_TARGET = 17.0;
				PRODUCT_BUNDLE_IDENTIFIER = org.nagaoka.blog.k100.member.next.tests.datalayertests;
				SDKROOT = iphoneos;
				SWIFT_VERSION = 6.0;
				VALIDATE_PRODUCT = YES;
			};
			name = Release;
		};
		0CC9DFFD06B38EEFCA051098 /* Debug */ = {
			isa = XCBuildConfiguration;
			buildSettings = {
				CLANG_ENABLE_OBJC_WEAK = NO;
				CODE_SIGN_STYLE = Automatic;
				DEVELOPMENT_TEAM = "";
				ENABLE_USER_SCRIPT_SANDBOXING = YES;
				GENERATE_INFOPLIST_FILE = YES;
				IPHONEOS_DEPLOYMENT_TARGET = 17.0;
				PRODUCT_BUNDLE_IDENTIFIER = org.nagaoka.blog.k100.member.next.tests.featuretoolstests;
				SDKROOT = iphoneos;
				SWIFT_VERSION = 6.0;
			};
			name = Debug;
		};
		416CD858C68E187919929BAB /* Release */ = {
			isa = XCBuildConfiguration;
			buildSettings = {
				CLANG_ENABLE_OBJC_WEAK = NO;
				CODE_SIGN_STYLE = Automatic;
				CURRENT_PROJECT_VERSION = 1;
				DEFINES_MODULE = YES;
				DEVELOPMENT_TEAM = "";
				DYLIB_COMPATIBILITY_VERSION = 1;
				DYLIB_CURRENT_VERSION = 1;
				DYLIB_INSTALL_NAME_BASE = "@rpath";
				ENABLE_USER_SCRIPT_SANDBOXING = YES;
				GENERATE_INFOPLIST_FILE = YES;
				INSTALL_PATH = "$(LOCAL_LIBRARY_DIR)/Frameworks";
				IPHONEOS_DEPLOYMENT_TARGET = 17.0;
				LD_RUNPATH_SEARCH_PATHS = "$(inherited) @executable_path/Frameworks @loader_path/Frameworks";
				PRODUCT_BUNDLE_IDENTIFIER = org.nagaoka.blog.k100.member.next.notifications;
				PRODUCT_NAME = "$(TARGET_NAME:c99extidentifier)";
				SDKROOT = iphoneos;
				SKIP_INSTALL = YES;
				SWIFT_VERSION = 6.0;
				TARGETED_DEVICE_FAMILY = "1,2";
				VALIDATE_PRODUCT = YES;
				VERSIONING_SYSTEM = "apple-generic";
				VERSION_INFO_PREFIX = "";
			};
			name = Release;
		};
		50F26545E1B44574775BD3CA /* Release */ = {
			isa = XCBuildConfiguration;
			buildSettings = {
				CLANG_ENABLE_OBJC_WEAK = NO;
				CODE_SIGN_STYLE = Automatic;
				CURRENT_PROJECT_VERSION = 1;
				DEFINES_MODULE = YES;
				DEVELOPMENT_TEAM = "";
				DYLIB_COMPATIBILITY_VERSION = 1;
				DYLIB_CURRENT_VERSION = 1;
				DYLIB_INSTALL_NAME_BASE = "@rpath";
				ENABLE_USER_SCRIPT_SANDBOXING = YES;
				GENERATE_INFOPLIST_FILE = YES;
				INSTALL_PATH = "$(LOCAL_LIBRARY_DIR)/Frameworks";
				IPHONEOS_DEPLOYMENT_TARGET = 17.0;
				LD_RUNPATH_SEARCH_PATHS = "$(inherited) @executable_path/Frameworks @loader_path/Frameworks";
				PRODUCT_BUNDLE_IDENTIFIER = org.nagaoka.blog.k100.member.next.testing;
				PRODUCT_NAME = "$(TARGET_NAME:c99extidentifier)";
				SDKROOT = iphoneos;
				SKIP_INSTALL = YES;
				SWIFT_VERSION = 6.0;
				TARGETED_DEVICE_FAMILY = "1,2";
				VALIDATE_PRODUCT = YES;
				VERSIONING_SYSTEM = "apple-generic";
				VERSION_INFO_PREFIX = "";
			};
			name = Release;
		};
		5CC358E31D2BDC81A84D47AC /* Debug */ = {
			isa = XCBuildConfiguration;
			buildSettings = {
				CLANG_ENABLE_OBJC_WEAK = NO;
				CODE_SIGN_STYLE = Automatic;
				CURRENT_PROJECT_VERSION = 1;
				DEFINES_MODULE = YES;
				DEVELOPMENT_TEAM = "";
				DYLIB_COMPATIBILITY_VERSION = 1;
				DYLIB_CURRENT_VERSION = 1;
				DYLIB_INSTALL_NAME_BASE = "@rpath";
				ENABLE_USER_SCRIPT_SANDBOXING = YES;
				GENERATE_INFOPLIST_FILE = YES;
				INSTALL_PATH = "$(LOCAL_LIBRARY_DIR)/Frameworks";
				IPHONEOS_DEPLOYMENT_TARGET = 17.0;
				LD_RUNPATH_SEARCH_PATHS = "$(inherited) @executable_path/Frameworks @loader_path/Frameworks";
				PRODUCT_BUNDLE_IDENTIFIER = org.nagaoka.blog.k100.member.next.notifications;
				PRODUCT_NAME = "$(TARGET_NAME:c99extidentifier)";
				SDKROOT = iphoneos;
				SKIP_INSTALL = YES;
				SWIFT_VERSION = 6.0;
				TARGETED_DEVICE_FAMILY = "1,2";
				VERSIONING_SYSTEM = "apple-generic";
				VERSION_INFO_PREFIX = "";
			};
			name = Debug;
		};
		6B43CCFE3982A2D961B55779 /* Debug */ = {
			isa = XCBuildConfiguration;
			buildSettings = {
				CLANG_ENABLE_OBJC_WEAK = NO;
				CODE_SIGN_STYLE = Automatic;
				CURRENT_PROJECT_VERSION = 1;
				DEFINES_MODULE = YES;
				DEVELOPMENT_TEAM = "";
				DYLIB_COMPATIBILITY_VERSION = 1;
				DYLIB_CURRENT_VERSION = 1;
				DYLIB_INSTALL_NAME_BASE = "@rpath";
				ENABLE_USER_SCRIPT_SANDBOXING = YES;
				GENERATE_INFOPLIST_FILE = YES;
				INSTALL_PATH = "$(LOCAL_LIBRARY_DIR)/Frameworks";
				IPHONEOS_DEPLOYMENT_TARGET = 17.0;
				LD_RUNPATH_SEARCH_PATHS = "$(inherited) @executable_path/Frameworks @loader_path/Frameworks";
				PRODUCT_BUNDLE_IDENTIFIER = org.nagaoka.blog.k100.member.next.navigation;
				PRODUCT_NAME = "$(TARGET_NAME:c99extidentifier)";
				SDKROOT = iphoneos;
				SKIP_INSTALL = YES;
				SWIFT_VERSION = 6.0;
				TARGETED_DEVICE_FAMILY = "1,2";
				VERSIONING_SYSTEM = "apple-generic";
				VERSION_INFO_PREFIX = "";
			};
			name = Debug;
		};
		6D1AE734174B724A018C669D /* Debug */ = {
			isa = XCBuildConfiguration;
			buildSettings = {
				CLANG_ENABLE_OBJC_WEAK = NO;
				CODE_SIGN_STYLE = Automatic;
				CURRENT_PROJECT_VERSION = 1;
				DEFINES_MODULE = YES;
				DEVELOPMENT_TEAM = "";
				DYLIB_COMPATIBILITY_VERSION = 1;
				DYLIB_CURRENT_VERSION = 1;
				DYLIB_INSTALL_NAME_BASE = "@rpath";
				ENABLE_USER_SCRIPT_SANDBOXING = YES;
				GENERATE_INFOPLIST_FILE = YES;
				INSTALL_PATH = "$(LOCAL_LIBRARY_DIR)/Frameworks";
				IPHONEOS_DEPLOYMENT_TARGET = 17.0;
				LD_RUNPATH_SEARCH_PATHS = "$(inherited) @executable_path/Frameworks @loader_path/Frameworks";
				PRODUCT_BUNDLE_IDENTIFIER = org.nagaoka.blog.k100.member.next.model;
				PRODUCT_NAME = "$(TARGET_NAME:c99extidentifier)";
				SDKROOT = iphoneos;
				SKIP_INSTALL = YES;
				SWIFT_VERSION = 6.0;
				TARGETED_DEVICE_FAMILY = "1,2";
				VERSIONING_SYSTEM = "apple-generic";
				VERSION_INFO_PREFIX = "";
			};
			name = Debug;
		};
		7488AC1442C053691203B374 /* Release */ = {
			isa = XCBuildConfiguration;
			buildSettings = {
				CLANG_ENABLE_OBJC_WEAK = NO;
				CODE_SIGN_STYLE = Automatic;
				DEVELOPMENT_TEAM = "";
				ENABLE_USER_SCRIPT_SANDBOXING = YES;
				GENERATE_INFOPLIST_FILE = YES;
				IPHONEOS_DEPLOYMENT_TARGET = 17.0;
				PRODUCT_BUNDLE_IDENTIFIER = org.nagaoka.blog.k100.member.next.tests.featuretoolstests;
				SDKROOT = iphoneos;
				SWIFT_VERSION = 6.0;
				VALIDATE_PRODUCT = YES;
			};
			name = Release;
		};
		830B43402AF58E49CDE92F47 /* Debug */ = {
			isa = XCBuildConfiguration;
			buildSettings = {
				CLANG_ENABLE_OBJC_WEAK = NO;
				CODE_SIGN_STYLE = Automatic;
				CURRENT_PROJECT_VERSION = 1;
				DEFINES_MODULE = YES;
				DEVELOPMENT_TEAM = "";
				DYLIB_COMPATIBILITY_VERSION = 1;
				DYLIB_CURRENT_VERSION = 1;
				DYLIB_INSTALL_NAME_BASE = "@rpath";
				ENABLE_USER_SCRIPT_SANDBOXING = YES;
				GENERATE_INFOPLIST_FILE = YES;
				INSTALL_PATH = "$(LOCAL_LIBRARY_DIR)/Frameworks";
				IPHONEOS_DEPLOYMENT_TARGET = 17.0;
				LD_RUNPATH_SEARCH_PATHS = "$(inherited) @executable_path/Frameworks @loader_path/Frameworks";
				PRODUCT_BUNDLE_IDENTIFIER = org.nagaoka.blog.k100.member.next.testing;
				PRODUCT_NAME = "$(TARGET_NAME:c99extidentifier)";
				SDKROOT = iphoneos;
				SKIP_INSTALL = YES;
				SWIFT_VERSION = 6.0;
				TARGETED_DEVICE_FAMILY = "1,2";
				VERSIONING_SYSTEM = "apple-generic";
				VERSION_INFO_PREFIX = "";
			};
			name = Debug;
		};
		85B39091E05FA7C7464CA802 /* Release */ = {
			isa = XCBuildConfiguration;
			buildSettings = {
				CLANG_ENABLE_OBJC_WEAK = NO;
				CODE_SIGN_STYLE = Automatic;
				CURRENT_PROJECT_VERSION = 1;
				DEFINES_MODULE = YES;
				DEVELOPMENT_TEAM = "";
				DYLIB_COMPATIBILITY_VERSION = 1;
				DYLIB_CURRENT_VERSION = 1;
				DYLIB_INSTALL_NAME_BASE = "@rpath";
				ENABLE_USER_SCRIPT_SANDBOXING = YES;
				GENERATE_INFOPLIST_FILE = YES;
				INSTALL_PATH = "$(LOCAL_LIBRARY_DIR)/Frameworks";
				IPHONEOS_DEPLOYMENT_TARGET = 17.0;
				LD_RUNPATH_SEARCH_PATHS = "$(inherited) @executable_path/Frameworks @loader_path/Frameworks";
				PRODUCT_BUNDLE_IDENTIFIER = org.nagaoka.blog.k100.member.next.featuretools;
				PRODUCT_NAME = "$(TARGET_NAME:c99extidentifier)";
				SDKROOT = iphoneos;
				SKIP_INSTALL = YES;
				SWIFT_VERSION = 6.0;
				TARGETED_DEVICE_FAMILY = "1,2";
				VALIDATE_PRODUCT = YES;
				VERSIONING_SYSTEM = "apple-generic";
				VERSION_INFO_PREFIX = "";
			};
			name = Release;
		};
		85CE0EF7D8AF2BE592F37E82 /* Release */ = {
			isa = XCBuildConfiguration;
			buildSettings = {
				CLANG_ENABLE_OBJC_WEAK = NO;
				CODE_SIGN_STYLE = Automatic;
				CURRENT_PROJECT_VERSION = 1;
				DEFINES_MODULE = YES;
				DEVELOPMENT_TEAM = "";
				DYLIB_COMPATIBILITY_VERSION = 1;
				DYLIB_CURRENT_VERSION = 1;
				DYLIB_INSTALL_NAME_BASE = "@rpath";
				ENABLE_USER_SCRIPT_SANDBOXING = YES;
				GENERATE_INFOPLIST_FILE = YES;
				INSTALL_PATH = "$(LOCAL_LIBRARY_DIR)/Frameworks";
				IPHONEOS_DEPLOYMENT_TARGET = 17.0;
				LD_RUNPATH_SEARCH_PATHS = "$(inherited) @executable_path/Frameworks @loader_path/Frameworks";
				PRODUCT_BUNDLE_IDENTIFIER = org.nagaoka.blog.k100.member.next.session;
				PRODUCT_NAME = "$(TARGET_NAME:c99extidentifier)";
				SDKROOT = iphoneos;
				SKIP_INSTALL = YES;
				SWIFT_VERSION = 6.0;
				TARGETED_DEVICE_FAMILY = "1,2";
				VALIDATE_PRODUCT = YES;
				VERSIONING_SYSTEM = "apple-generic";
				VERSION_INFO_PREFIX = "";
			};
			name = Release;
		};
		8EAFCE9C6B50B6F07793FF75 /* Debug */ = {
			isa = XCBuildConfiguration;
			buildSettings = {
				CLANG_ENABLE_OBJC_WEAK = NO;
				CODE_SIGN_STYLE = Automatic;
				CURRENT_PROJECT_VERSION = 1;
				DEFINES_MODULE = YES;
				DEVELOPMENT_TEAM = "";
				DYLIB_COMPATIBILITY_VERSION = 1;
				DYLIB_CURRENT_VERSION = 1;
				DYLIB_INSTALL_NAME_BASE = "@rpath";
				ENABLE_USER_SCRIPT_SANDBOXING = YES;
				GENERATE_INFOPLIST_FILE = YES;
				INSTALL_PATH = "$(LOCAL_LIBRARY_DIR)/Frameworks";
				IPHONEOS_DEPLOYMENT_TARGET = 17.0;
				LD_RUNPATH_SEARCH_PATHS = "$(inherited) @executable_path/Frameworks @loader_path/Frameworks";
				PRODUCT_BUNDLE_IDENTIFIER = org.nagaoka.blog.k100.member.next.datalayer;
				PRODUCT_NAME = "$(TARGET_NAME:c99extidentifier)";
				SDKROOT = iphoneos;
				SKIP_INSTALL = YES;
				SWIFT_VERSION = 6.0;
				TARGETED_DEVICE_FAMILY = "1,2";
				VERSIONING_SYSTEM = "apple-generic";
				VERSION_INFO_PREFIX = "";
			};
			name = Debug;
		};
		94F4194223A413DD5ABBE30D /* Release */ = {
			isa = XCBuildConfiguration;
			buildSettings = {
				ALWAYS_SEARCH_USER_PATHS = NO;
				CLANG_ANALYZER_NONNULL = YES;
				CLANG_ANALYZER_NUMBER_OBJECT_CONVERSION = YES_AGGRESSIVE;
				CLANG_CXX_LANGUAGE_STANDARD = "gnu++14";
				CLANG_CXX_LIBRARY = "libc++";
				CLANG_ENABLE_MODULES = YES;
				CLANG_ENABLE_OBJC_ARC = YES;
				CLANG_ENABLE_OBJC_WEAK = YES;
				CLANG_WARN_BLOCK_CAPTURE_AUTORELEASING = YES;
				CLANG_WARN_BOOL_CONVERSION = YES;
				CLANG_WARN_COMMA = YES;
				CLANG_WARN_CONSTANT_CONVERSION = YES;
				CLANG_WARN_DEPRECATED_OBJC_IMPLEMENTATIONS = YES;
				CLANG_WARN_DIRECT_OBJC_ISA_USAGE = YES_ERROR;
				CLANG_WARN_DOCUMENTATION_COMMENTS = YES;
				CLANG_WARN_EMPTY_BODY = YES;
				CLANG_WARN_ENUM_CONVERSION = YES;
				CLANG_WARN_INFINITE_RECURSION = YES;
				CLANG_WARN_INT_CONVERSION = YES;
				CLANG_WARN_NON_LITERAL_NULL_CONVERSION = YES;
				CLANG_WARN_OBJC_IMPLICIT_RETAIN_SELF = YES;
				CLANG_WARN_OBJC_LITERAL_CONVERSION = YES;
				CLANG_WARN_OBJC_ROOT_CLASS = YES_ERROR;
				CLANG_WARN_QUOTED_INCLUDE_IN_FRAMEWORK_HEADER = YES;
				CLANG_WARN_RANGE_LOOP_ANALYSIS = YES;
				CLANG_WARN_STRICT_PROTOTYPES = YES;
				CLANG_WARN_SUSPICIOUS_MOVE = YES;
				CLANG_WARN_UNGUARDED_AVAILABILITY = YES_AGGRESSIVE;
				CLANG_WARN_UNREACHABLE_CODE = YES;
				CLANG_WARN__DUPLICATE_METHOD_MATCH = YES;
				COPY_PHASE_STRIP = NO;
				DEBUG_INFORMATION_FORMAT = "dwarf-with-dsym";
				ENABLE_NS_ASSERTIONS = NO;
				ENABLE_STRICT_OBJC_MSGSEND = YES;
				GCC_C_LANGUAGE_STANDARD = gnu11;
				GCC_NO_COMMON_BLOCKS = YES;
				GCC_WARN_64_TO_32_BIT_CONVERSION = YES;
				GCC_WARN_ABOUT_RETURN_TYPE = YES_ERROR;
				GCC_WARN_UNDECLARED_SELECTOR = YES;
				GCC_WARN_UNINITIALIZED_AUTOS = YES_AGGRESSIVE;
				GCC_WARN_UNUSED_FUNCTION = YES;
				GCC_WARN_UNUSED_VARIABLE = YES;
				MTL_ENABLE_DEBUG_INFO = NO;
				MTL_FAST_MATH = YES;
				PRODUCT_NAME = "$(TARGET_NAME)";
				SWIFT_COMPILATION_MODE = wholemodule;
				SWIFT_OPTIMIZATION_LEVEL = "-O";
				SWIFT_VERSION = 5.0;
			};
			name = Release;
		};
		9B0D6891801317FDFC16410A /* Release */ = {
			isa = XCBuildConfiguration;
			buildSettings = {
				CLANG_ENABLE_OBJC_WEAK = NO;
				CODE_SIGN_STYLE = Automatic;
				CURRENT_PROJECT_VERSION = 1;
				DEFINES_MODULE = YES;
				DEVELOPMENT_TEAM = "";
				DYLIB_COMPATIBILITY_VERSION = 1;
				DYLIB_CURRENT_VERSION = 1;
				DYLIB_INSTALL_NAME_BASE = "@rpath";
				ENABLE_USER_SCRIPT_SANDBOXING = YES;
				GENERATE_INFOPLIST_FILE = YES;
				INSTALL_PATH = "$(LOCAL_LIBRARY_DIR)/Frameworks";
				IPHONEOS_DEPLOYMENT_TARGET = 17.0;
				LD_RUNPATH_SEARCH_PATHS = "$(inherited) @executable_path/Frameworks @loader_path/Frameworks";
				PRODUCT_BUNDLE_IDENTIFIER = org.nagaoka.blog.k100.member.next.datalayer;
				PRODUCT_NAME = "$(TARGET_NAME:c99extidentifier)";
				SDKROOT = iphoneos;
				SKIP_INSTALL = YES;
				SWIFT_VERSION = 6.0;
				TARGETED_DEVICE_FAMILY = "1,2";
				VALIDATE_PRODUCT = YES;
				VERSIONING_SYSTEM = "apple-generic";
				VERSION_INFO_PREFIX = "";
			};
			name = Release;
		};
		A2C644A95B3D52CD59C00152 /* Release */ = {
			isa = XCBuildConfiguration;
			buildSettings = {
				CLANG_ENABLE_OBJC_WEAK = NO;
				CODE_SIGN_STYLE = Automatic;
				CURRENT_PROJECT_VERSION = 1;
				DEFINES_MODULE = YES;
				DEVELOPMENT_TEAM = "";
				DYLIB_COMPATIBILITY_VERSION = 1;
				DYLIB_CURRENT_VERSION = 1;
				DYLIB_INSTALL_NAME_BASE = "@rpath";
				ENABLE_USER_SCRIPT_SANDBOXING = YES;
				GENERATE_INFOPLIST_FILE = YES;
				INSTALL_PATH = "$(LOCAL_LIBRARY_DIR)/Frameworks";
				IPHONEOS_DEPLOYMENT_TARGET = 17.0;
				LD_RUNPATH_SEARCH_PATHS = "$(inherited) @executable_path/Frameworks @loader_path/Frameworks";
				PRODUCT_BUNDLE_IDENTIFIER = org.nagaoka.blog.k100.member.next.designsystem;
				PRODUCT_NAME = "$(TARGET_NAME:c99extidentifier)";
				SDKROOT = iphoneos;
				SKIP_INSTALL = YES;
				SWIFT_VERSION = 6.0;
				TARGETED_DEVICE_FAMILY = "1,2";
				VALIDATE_PRODUCT = YES;
				VERSIONING_SYSTEM = "apple-generic";
				VERSION_INFO_PREFIX = "";
			};
			name = Release;
		};
		A4D1A9D733727EC539B5EAAF /* Debug */ = {
			isa = XCBuildConfiguration;
			buildSettings = {
				ASSETCATALOG_COMPILER_APPICON_NAME = "";
				ASSETCATALOG_COMPILER_GLOBAL_ACCENT_COLOR_NAME = AccentColor;
				CLANG_ENABLE_OBJC_WEAK = NO;
				CODE_SIGN_STYLE = Automatic;
				CURRENT_PROJECT_VERSION = 1;
				DEVELOPMENT_TEAM = "";
				ENABLE_USER_SCRIPT_SANDBOXING = YES;
				FIREBASE_PROJECT_ID = "demo-org-portal-next";
				GENERATE_INFOPLIST_FILE = NO;
				INFOPLIST_FILE = App/Info.plist;
				IPHONEOS_DEPLOYMENT_TARGET = 17.0;
				LD_RUNPATH_SEARCH_PATHS = "$(inherited) @executable_path/Frameworks";
				MARKETING_VERSION = 1.0;
				PRODUCT_BUNDLE_IDENTIFIER = org.nagaoka.blog.k100.member.next;
				PRODUCT_NAME = OrgPortalNext;
				SDKROOT = iphoneos;
				SWIFT_VERSION = 6.0;
				TARGETED_DEVICE_FAMILY = "1,2";
			};
			name = Debug;
		};
		B21FDCFF373FA1BACE272599 /* Debug */ = {
			isa = XCBuildConfiguration;
			buildSettings = {
				CLANG_ENABLE_OBJC_WEAK = NO;
				CODE_SIGN_STYLE = Automatic;
				CURRENT_PROJECT_VERSION = 1;
				DEFINES_MODULE = YES;
				DEVELOPMENT_TEAM = "";
				DYLIB_COMPATIBILITY_VERSION = 1;
				DYLIB_CURRENT_VERSION = 1;
				DYLIB_INSTALL_NAME_BASE = "@rpath";
				ENABLE_USER_SCRIPT_SANDBOXING = YES;
				GENERATE_INFOPLIST_FILE = YES;
				INSTALL_PATH = "$(LOCAL_LIBRARY_DIR)/Frameworks";
				IPHONEOS_DEPLOYMENT_TARGET = 17.0;
				LD_RUNPATH_SEARCH_PATHS = "$(inherited) @executable_path/Frameworks @loader_path/Frameworks";
				PRODUCT_BUNDLE_IDENTIFIER = org.nagaoka.blog.k100.member.next.designsystem;
				PRODUCT_NAME = "$(TARGET_NAME:c99extidentifier)";
				SDKROOT = iphoneos;
				SKIP_INSTALL = YES;
				SWIFT_VERSION = 6.0;
				TARGETED_DEVICE_FAMILY = "1,2";
				VERSIONING_SYSTEM = "apple-generic";
				VERSION_INFO_PREFIX = "";
			};
			name = Debug;
		};
		B8EA595607E39CA69F0D3E58 /* Debug */ = {
			isa = XCBuildConfiguration;
			buildSettings = {
				ALWAYS_SEARCH_USER_PATHS = NO;
				CLANG_ANALYZER_NONNULL = YES;
				CLANG_ANALYZER_NUMBER_OBJECT_CONVERSION = YES_AGGRESSIVE;
				CLANG_CXX_LANGUAGE_STANDARD = "gnu++14";
				CLANG_CXX_LIBRARY = "libc++";
				CLANG_ENABLE_MODULES = YES;
				CLANG_ENABLE_OBJC_ARC = YES;
				CLANG_ENABLE_OBJC_WEAK = YES;
				CLANG_WARN_BLOCK_CAPTURE_AUTORELEASING = YES;
				CLANG_WARN_BOOL_CONVERSION = YES;
				CLANG_WARN_COMMA = YES;
				CLANG_WARN_CONSTANT_CONVERSION = YES;
				CLANG_WARN_DEPRECATED_OBJC_IMPLEMENTATIONS = YES;
				CLANG_WARN_DIRECT_OBJC_ISA_USAGE = YES_ERROR;
				CLANG_WARN_DOCUMENTATION_COMMENTS = YES;
				CLANG_WARN_EMPTY_BODY = YES;
				CLANG_WARN_ENUM_CONVERSION = YES;
				CLANG_WARN_INFINITE_RECURSION = YES;
				CLANG_WARN_INT_CONVERSION = YES;
				CLANG_WARN_NON_LITERAL_NULL_CONVERSION = YES;
				CLANG_WARN_OBJC_IMPLICIT_RETAIN_SELF = YES;
				CLANG_WARN_OBJC_LITERAL_CONVERSION = YES;
				CLANG_WARN_OBJC_ROOT_CLASS = YES_ERROR;
				CLANG_WARN_QUOTED_INCLUDE_IN_FRAMEWORK_HEADER = YES;
				CLANG_WARN_RANGE_LOOP_ANALYSIS = YES;
				CLANG_WARN_STRICT_PROTOTYPES = YES;
				CLANG_WARN_SUSPICIOUS_MOVE = YES;
				CLANG_WARN_UNGUARDED_AVAILABILITY = YES_AGGRESSIVE;
				CLANG_WARN_UNREACHABLE_CODE = YES;
				CLANG_WARN__DUPLICATE_METHOD_MATCH = YES;
				COPY_PHASE_STRIP = NO;
				DEBUG_INFORMATION_FORMAT = dwarf;
				ENABLE_STRICT_OBJC_MSGSEND = YES;
				ENABLE_TESTABILITY = YES;
				GCC_C_LANGUAGE_STANDARD = gnu11;
				GCC_DYNAMIC_NO_PIC = NO;
				GCC_NO_COMMON_BLOCKS = YES;
				GCC_OPTIMIZATION_LEVEL = 0;
				GCC_PREPROCESSOR_DEFINITIONS = (
					"DEBUG=1",
					"$(inherited)",
				);
				GCC_WARN_64_TO_32_BIT_CONVERSION = YES;
				GCC_WARN_ABOUT_RETURN_TYPE = YES_ERROR;
				GCC_WARN_UNDECLARED_SELECTOR = YES;
				GCC_WARN_UNINITIALIZED_AUTOS = YES_AGGRESSIVE;
				GCC_WARN_UNUSED_FUNCTION = YES;
				GCC_WARN_UNUSED_VARIABLE = YES;
				MTL_ENABLE_DEBUG_INFO = INCLUDE_SOURCE;
				MTL_FAST_MATH = YES;
				ONLY_ACTIVE_ARCH = YES;
				PRODUCT_NAME = "$(TARGET_NAME)";
				SWIFT_ACTIVE_COMPILATION_CONDITIONS = DEBUG;
				SWIFT_OPTIMIZATION_LEVEL = "-Onone";
				SWIFT_VERSION = 5.0;
			};
			name = Debug;
		};
		BD6EB4DA70E1EB9C36839A4A /* Release */ = {
			isa = XCBuildConfiguration;
			buildSettings = {
				CLANG_ENABLE_OBJC_WEAK = NO;
				CODE_SIGN_STYLE = Automatic;
				CURRENT_PROJECT_VERSION = 1;
				DEFINES_MODULE = YES;
				DEVELOPMENT_TEAM = "";
				DYLIB_COMPATIBILITY_VERSION = 1;
				DYLIB_CURRENT_VERSION = 1;
				DYLIB_INSTALL_NAME_BASE = "@rpath";
				ENABLE_USER_SCRIPT_SANDBOXING = YES;
				GENERATE_INFOPLIST_FILE = YES;
				INSTALL_PATH = "$(LOCAL_LIBRARY_DIR)/Frameworks";
				IPHONEOS_DEPLOYMENT_TARGET = 17.0;
				LD_RUNPATH_SEARCH_PATHS = "$(inherited) @executable_path/Frameworks @loader_path/Frameworks";
				PRODUCT_BUNDLE_IDENTIFIER = org.nagaoka.blog.k100.member.next.model;
				PRODUCT_NAME = "$(TARGET_NAME:c99extidentifier)";
				SDKROOT = iphoneos;
				SKIP_INSTALL = YES;
				SWIFT_VERSION = 6.0;
				TARGETED_DEVICE_FAMILY = "1,2";
				VALIDATE_PRODUCT = YES;
				VERSIONING_SYSTEM = "apple-generic";
				VERSION_INFO_PREFIX = "";
			};
			name = Release;
		};
		BEDD59E267893272378FC84A /* Debug */ = {
			isa = XCBuildConfiguration;
			buildSettings = {
				CLANG_ENABLE_OBJC_WEAK = NO;
				CODE_SIGN_STYLE = Automatic;
				DEVELOPMENT_TEAM = "";
				ENABLE_USER_SCRIPT_SANDBOXING = YES;
				GENERATE_INFOPLIST_FILE = YES;
				IPHONEOS_DEPLOYMENT_TARGET = 17.0;
				PRODUCT_BUNDLE_IDENTIFIER = org.nagaoka.blog.k100.member.next.tests.modeltests;
				SDKROOT = iphoneos;
				SWIFT_VERSION = 6.0;
			};
			name = Debug;
		};
		C6D9605DE7FC37ED3EA2A314 /* Release */ = {
			isa = XCBuildConfiguration;
			buildSettings = {
				ASSETCATALOG_COMPILER_APPICON_NAME = "";
				ASSETCATALOG_COMPILER_GLOBAL_ACCENT_COLOR_NAME = AccentColor;
				CLANG_ENABLE_OBJC_WEAK = NO;
				CODE_SIGN_STYLE = Automatic;
				CURRENT_PROJECT_VERSION = 1;
				DEVELOPMENT_TEAM = "";
				ENABLE_USER_SCRIPT_SANDBOXING = YES;
				FIREBASE_PROJECT_ID = "demo-org-portal-next";
				GENERATE_INFOPLIST_FILE = NO;
				INFOPLIST_FILE = App/Info.plist;
				IPHONEOS_DEPLOYMENT_TARGET = 17.0;
				LD_RUNPATH_SEARCH_PATHS = "$(inherited) @executable_path/Frameworks";
				MARKETING_VERSION = 1.0;
				PRODUCT_BUNDLE_IDENTIFIER = org.nagaoka.blog.k100.member.next;
				PRODUCT_NAME = OrgPortalNext;
				SDKROOT = iphoneos;
				SWIFT_VERSION = 6.0;
				TARGETED_DEVICE_FAMILY = "1,2";
				VALIDATE_PRODUCT = YES;
			};
			name = Release;
		};
		DEE1ED7A547173FD647D1B7C /* Debug */ = {
			isa = XCBuildConfiguration;
			buildSettings = {
				CLANG_ENABLE_OBJC_WEAK = NO;
				CODE_SIGN_STYLE = Automatic;
				CURRENT_PROJECT_VERSION = 1;
				DEFINES_MODULE = YES;
				DEVELOPMENT_TEAM = "";
				DYLIB_COMPATIBILITY_VERSION = 1;
				DYLIB_CURRENT_VERSION = 1;
				DYLIB_INSTALL_NAME_BASE = "@rpath";
				ENABLE_USER_SCRIPT_SANDBOXING = YES;
				GENERATE_INFOPLIST_FILE = YES;
				INSTALL_PATH = "$(LOCAL_LIBRARY_DIR)/Frameworks";
				IPHONEOS_DEPLOYMENT_TARGET = 17.0;
				LD_RUNPATH_SEARCH_PATHS = "$(inherited) @executable_path/Frameworks @loader_path/Frameworks";
				PRODUCT_BUNDLE_IDENTIFIER = org.nagaoka.blog.k100.member.next.session;
				PRODUCT_NAME = "$(TARGET_NAME:c99extidentifier)";
				SDKROOT = iphoneos;
				SKIP_INSTALL = YES;
				SWIFT_VERSION = 6.0;
				TARGETED_DEVICE_FAMILY = "1,2";
				VERSIONING_SYSTEM = "apple-generic";
				VERSION_INFO_PREFIX = "";
			};
			name = Debug;
		};
		DF1803D90A03880266313572 /* Debug */ = {
			isa = XCBuildConfiguration;
			buildSettings = {
				CLANG_ENABLE_OBJC_WEAK = NO;
				CODE_SIGN_STYLE = Automatic;
				DEVELOPMENT_TEAM = "";
				ENABLE_USER_SCRIPT_SANDBOXING = YES;
				GENERATE_INFOPLIST_FILE = YES;
				IPHONEOS_DEPLOYMENT_TARGET = 17.0;
				PRODUCT_BUNDLE_IDENTIFIER = org.nagaoka.blog.k100.member.next.tests.datalayertests;
				SDKROOT = iphoneos;
				SWIFT_VERSION = 6.0;
			};
			name = Debug;
		};
		EF47EDC6DF3654FF149F3742 /* Release */ = {
			isa = XCBuildConfiguration;
			buildSettings = {
				CLANG_ENABLE_OBJC_WEAK = NO;
				CODE_SIGN_STYLE = Automatic;
				CURRENT_PROJECT_VERSION = 1;
				DEFINES_MODULE = YES;
				DEVELOPMENT_TEAM = "";
				DYLIB_COMPATIBILITY_VERSION = 1;
				DYLIB_CURRENT_VERSION = 1;
				DYLIB_INSTALL_NAME_BASE = "@rpath";
				ENABLE_USER_SCRIPT_SANDBOXING = YES;
				GENERATE_INFOPLIST_FILE = YES;
				INSTALL_PATH = "$(LOCAL_LIBRARY_DIR)/Frameworks";
				IPHONEOS_DEPLOYMENT_TARGET = 17.0;
				LD_RUNPATH_SEARCH_PATHS = "$(inherited) @executable_path/Frameworks @loader_path/Frameworks";
				PRODUCT_BUNDLE_IDENTIFIER = org.nagaoka.blog.k100.member.next.navigation;
				PRODUCT_NAME = "$(TARGET_NAME:c99extidentifier)";
				SDKROOT = iphoneos;
				SKIP_INSTALL = YES;
				SWIFT_VERSION = 6.0;
				TARGETED_DEVICE_FAMILY = "1,2";
				VALIDATE_PRODUCT = YES;
				VERSIONING_SYSTEM = "apple-generic";
				VERSION_INFO_PREFIX = "";
			};
			name = Release;
		};
		F6A10850211F18BDEF262D61 /* Debug */ = {
			isa = XCBuildConfiguration;
			buildSettings = {
				CLANG_ENABLE_OBJC_WEAK = NO;
				CODE_SIGN_STYLE = Automatic;
				CURRENT_PROJECT_VERSION = 1;
				DEFINES_MODULE = YES;
				DEVELOPMENT_TEAM = "";
				DYLIB_COMPATIBILITY_VERSION = 1;
				DYLIB_CURRENT_VERSION = 1;
				DYLIB_INSTALL_NAME_BASE = "@rpath";
				ENABLE_USER_SCRIPT_SANDBOXING = YES;
				GENERATE_INFOPLIST_FILE = YES;
				INSTALL_PATH = "$(LOCAL_LIBRARY_DIR)/Frameworks";
				IPHONEOS_DEPLOYMENT_TARGET = 17.0;
				LD_RUNPATH_SEARCH_PATHS = "$(inherited) @executable_path/Frameworks @loader_path/Frameworks";
				PRODUCT_BUNDLE_IDENTIFIER = org.nagaoka.blog.k100.member.next.featuretools;
				PRODUCT_NAME = "$(TARGET_NAME:c99extidentifier)";
				SDKROOT = iphoneos;
				SKIP_INSTALL = YES;
				SWIFT_VERSION = 6.0;
				TARGETED_DEVICE_FAMILY = "1,2";
				VERSIONING_SYSTEM = "apple-generic";
				VERSION_INFO_PREFIX = "";
			};
			name = Debug;
		};
/* End XCBuildConfiguration section */

/* Begin XCConfigurationList section */
		09EF8E934F84629924258F1D /* Build configuration list for PBXNativeTarget "Session" */ = {
			isa = XCConfigurationList;
			buildConfigurations = (
				85CE0EF7D8AF2BE592F37E82 /* Release */,
				DEE1ED7A547173FD647D1B7C /* Debug */,
			);
			defaultConfigurationIsVisible = 0;
			defaultConfigurationName = Release;
		};
		0FEB877D6408CDE8EFC2FC5E /* Build configuration list for PBXNativeTarget "FeatureTools" */ = {
			isa = XCConfigurationList;
			buildConfigurations = (
				85B39091E05FA7C7464CA802 /* Release */,
				F6A10850211F18BDEF262D61 /* Debug */,
			);
			defaultConfigurationIsVisible = 0;
			defaultConfigurationName = Release;
		};
		20B416CFD0D00CD766DAFF08 /* Build configuration list for PBXNativeTarget "Model" */ = {
			isa = XCConfigurationList;
			buildConfigurations = (
				BD6EB4DA70E1EB9C36839A4A /* Release */,
				6D1AE734174B724A018C669D /* Debug */,
			);
			defaultConfigurationIsVisible = 0;
			defaultConfigurationName = Release;
		};
		2B8E30ACA2201BB40AE09A82 /* Build configuration list for PBXProject "OrgPortalNext" */ = {
			isa = XCConfigurationList;
			buildConfigurations = (
				B8EA595607E39CA69F0D3E58 /* Debug */,
				94F4194223A413DD5ABBE30D /* Release */,
			);
			defaultConfigurationIsVisible = 0;
			defaultConfigurationName = Release;
		};
		307673CE777E4290980C5B30 /* Build configuration list for PBXNativeTarget "Navigation" */ = {
			isa = XCConfigurationList;
			buildConfigurations = (
				EF47EDC6DF3654FF149F3742 /* Release */,
				6B43CCFE3982A2D961B55779 /* Debug */,
			);
			defaultConfigurationIsVisible = 0;
			defaultConfigurationName = Release;
		};
		3844C5E3499D6DDB1DDF9E70 /* Build configuration list for PBXNativeTarget "Testing" */ = {
			isa = XCConfigurationList;
			buildConfigurations = (
				50F26545E1B44574775BD3CA /* Release */,
				830B43402AF58E49CDE92F47 /* Debug */,
			);
			defaultConfigurationIsVisible = 0;
			defaultConfigurationName = Release;
		};
		39796AE3299E3B6BCE048634 /* Build configuration list for PBXNativeTarget "DataLayerTests" */ = {
			isa = XCConfigurationList;
			buildConfigurations = (
				0C9008A8776DF99E8C069BB5 /* Release */,
				DF1803D90A03880266313572 /* Debug */,
			);
			defaultConfigurationIsVisible = 0;
			defaultConfigurationName = Release;
		};
		59901FC6DDD0DF87E940A07C /* Build configuration list for PBXNativeTarget "Notifications" */ = {
			isa = XCConfigurationList;
			buildConfigurations = (
				416CD858C68E187919929BAB /* Release */,
				5CC358E31D2BDC81A84D47AC /* Debug */,
			);
			defaultConfigurationIsVisible = 0;
			defaultConfigurationName = Release;
		};
		6E06D35834E71D3C668395E7 /* Build configuration list for PBXNativeTarget "DesignSystem" */ = {
			isa = XCConfigurationList;
			buildConfigurations = (
				A2C644A95B3D52CD59C00152 /* Release */,
				B21FDCFF373FA1BACE272599 /* Debug */,
			);
			defaultConfigurationIsVisible = 0;
			defaultConfigurationName = Release;
		};
		A2E3AD63EE987899D77860CD /* Build configuration list for PBXNativeTarget "ModelTests" */ = {
			isa = XCConfigurationList;
			buildConfigurations = (
				0A99A55AAC67983ED0C2DA42 /* Release */,
				BEDD59E267893272378FC84A /* Debug */,
			);
			defaultConfigurationIsVisible = 0;
			defaultConfigurationName = Release;
		};
		B4480D4B286FD89D0742A50B /* Build configuration list for PBXNativeTarget "FeatureToolsTests" */ = {
			isa = XCConfigurationList;
			buildConfigurations = (
				7488AC1442C053691203B374 /* Release */,
				0CC9DFFD06B38EEFCA051098 /* Debug */,
			);
			defaultConfigurationIsVisible = 0;
			defaultConfigurationName = Release;
		};
		B85E19E3CBC862B3C546D717 /* Build configuration list for PBXNativeTarget "OrgPortalNext" */ = {
			isa = XCConfigurationList;
			buildConfigurations = (
				C6D9605DE7FC37ED3EA2A314 /* Release */,
				A4D1A9D733727EC539B5EAAF /* Debug */,
			);
			defaultConfigurationIsVisible = 0;
			defaultConfigurationName = Release;
		};
		E83BB8E3E4FD9BE8CDA5F7F5 /* Build configuration list for PBXNativeTarget "DataLayer" */ = {
			isa = XCConfigurationList;
			buildConfigurations = (
				9B0D6891801317FDFC16410A /* Release */,
				8EAFCE9C6B50B6F07793FF75 /* Debug */,
			);
			defaultConfigurationIsVisible = 0;
			defaultConfigurationName = Release;
		};
/* End XCConfigurationList section */
	};
	rootObject = 820EF16BCC039644F3B823BE /* Project object */;
}
